
Microsoft Visual Studio Solution File, Format Version 12.00
# Visual Studio 15
VisualStudioVersion = 15.0.27004.2009
MinimumVisualStudioVersion = 10.0.40219.1
Project("{2150E333-8FDC-42A3-9474-1A3956D46DE8}") = "01 kintamieji", "01 kintamieji", "{5C1AF227-21BC-465A-A29E-28AF274163D9}"
EndProject
Project("{FAE04EC0-301F-11D3-BF4B-00C04F79EFBC}") = "1-1", "1-1\1-1.csproj", "{1A241A08-5FB6-49B7-A794-5117171F24AF}"
EndProject
Project("{2150E333-8FDC-42A3-9474-1A3956D46DE8}") = "02 isvedimas", "02 isvedimas", "{135A86AC-489E-4ED4-88D7-3F7C5EA8BD6F}"
EndProject
Project("{FAE04EC0-301F-11D3-BF4B-00C04F79EFBC}") = "2-1", "2-1\2-1.csproj", "{BA2C9B24-A3C8-406C-A458-A2D8E459F739}"
EndProject
Project("{FAE04EC0-301F-11D3-BF4B-00C04F79EFBC}") = "2-2", "2-2\2-2.csproj", "{D5D190A4-EEB4-4BB2-A53A-BC7FD7050453}"
EndProject
Project("{FAE04EC0-301F-11D3-BF4B-00C04F79EFBC}") = "2-3", "2-3\2-3.csproj", "{ECBAA58E-C028-46DE-9B01-7979E828B2D1}"
EndProject
Project("{FAE04EC0-301F-11D3-BF4B-00C04F79EFBC}") = "2-4", "2-4\2-4.csproj", "{BAE0F6EC-C7B5-4127-9038-48DBED816308}"
EndProject
Project("{FAE04EC0-301F-11D3-BF4B-00C04F79EFBC}") = "2-5", "2-5\2-5.csproj", "{483061EF-C4A4-44CF-8F40-B8AA98E8F10B}"
EndProject
Project("{FAE04EC0-301F-11D3-BF4B-00C04F79EFBC}") = "2-6", "2-6\2-6.csproj", "{8FBE1CA3-71FF-4E07-BBBE-9FF5B8EA477C}"
EndProject
Project("{2150E333-8FDC-42A3-9474-1A3956D46DE8}") = "03 aritmetiniai veiksmai", "03 aritmetiniai veiksmai", "{6243A9BF-CDC0-46A1-9FFF-1DD58E2BF38C}"
EndProject
Project("{FAE04EC0-301F-11D3-BF4B-00C04F79EFBC}") = "3-1", "3-1\3-1.csproj", "{00942B10-F695-4F4E-A5D2-987EF9CABADC}"
EndProject
Project("{FAE04EC0-301F-11D3-BF4B-00C04F79EFBC}") = "3-2", "3-2\3-2.csproj", "{047A8567-20D6-41C4-AB9F-A239E39969D2}"
EndProject
Project("{FAE04EC0-301F-11D3-BF4B-00C04F79EFBC}") = "3-3", "3-3\3-3.csproj", "{AFC4054A-EA33-4B5A-B668-639718F8FFAC}"
EndProject
Project("{FAE04EC0-301F-11D3-BF4B-00C04F79EFBC}") = "3-4", "3-4\3-4.csproj", "{D290A1BE-80B9-433A-BA27-6A54181E25D0}"
EndProject
Project("{FAE04EC0-301F-11D3-BF4B-00C04F79EFBC}") = "3-5", "3-5\3-5.csproj", "{BEE822DF-A864-40D4-B180-7FEB300EB67C}"
EndProject
Project("{FAE04EC0-301F-11D3-BF4B-00C04F79EFBC}") = "3-6", "3-6\3-6.csproj", "{12A6D768-2EAF-4620-948F-5E4C6437E696}"
EndProject
Project("{2150E333-8FDC-42A3-9474-1A3956D46DE8}") = "04 ivedimas", "04 ivedimas", "{05F54E5B-1922-4CF5-AE1D-F81B19AEE520}"
EndProject
Project("{FAE04EC0-301F-11D3-BF4B-00C04F79EFBC}") = "4-1", "4-1\4-1.csproj", "{21640257-5080-423D-897B-BED3F45368A6}"
EndProject
Project("{FAE04EC0-301F-11D3-BF4B-00C04F79EFBC}") = "4-2", "4-2\4-2.csproj", "{C7EDA2AB-67A5-414F-BD1E-6AA8D8E32C7D}"
EndProject
Project("{FAE04EC0-301F-11D3-BF4B-00C04F79EFBC}") = "4-3", "4-3\4-3.csproj", "{0510CBB5-50B6-411A-AF79-FEB467F79E66}"
EndProject
Project("{FAE04EC0-301F-11D3-BF4B-00C04F79EFBC}") = "4-4", "4-4\4-4.csproj", "{88F99E4A-8F07-4E6B-AB54-7EE23BAD05DC}"
EndProject
Project("{FAE04EC0-301F-11D3-BF4B-00C04F79EFBC}") = "4-5", "4-5\4-5.csproj", "{D70854FA-1469-462F-95A2-5EA07D19D5BB}"
EndProject
Project("{FAE04EC0-301F-11D3-BF4B-00C04F79EFBC}") = "4-6", "4-6\4-6.csproj", "{EB9EA886-101C-43E5-A406-0340DE836665}"
EndProject
Project("{FAE04EC0-301F-11D3-BF4B-00C04F79EFBC}") = "4-7", "4-7\4-7.csproj", "{F907085D-7CCE-484F-BF37-22ED6F645778}"
EndProject
Project("{2150E333-8FDC-42A3-9474-1A3956D46DE8}") = "05 if", "05 if", "{85319B6F-002C-450C-8F4F-ADCAE42F9A38}"
EndProject
Project("{FAE04EC0-301F-11D3-BF4B-00C04F79EFBC}") = "5-1", "5-1\5-1.csproj", "{D2021D9A-B4A1-4B23-84F2-4CEEF461EE1B}"
EndProject
Project("{FAE04EC0-301F-11D3-BF4B-00C04F79EFBC}") = "5-2", "5-2\5-2.csproj", "{EF2D3AC5-EB6A-42F4-84BA-3B8D0A2E3E3B}"
EndProject
Project("{FAE04EC0-301F-11D3-BF4B-00C04F79EFBC}") = "5-3", "5-3\5-3.csproj", "{7F0AF6E9-5D34-44C3-95A3-263AC5BBD8E5}"
EndProject
Project("{FAE04EC0-301F-11D3-BF4B-00C04F79EFBC}") = "5-4", "5-4\5-4.csproj", "{73524389-E042-481F-9FC4-D9C2615994AA}"
EndProject
Project("{2150E333-8FDC-42A3-9474-1A3956D46DE8}") = "06 else if", "06 else if", "{824F343D-3E61-42FE-A2CD-0BCC2FE14984}"
EndProject
Project("{FAE04EC0-301F-11D3-BF4B-00C04F79EFBC}") = "6-1", "6-1\6-1.csproj", "{E384AC10-59D9-4FFB-92E4-C7D53C6E9816}"
EndProject
Project("{FAE04EC0-301F-11D3-BF4B-00C04F79EFBC}") = "6-2", "6-2\6-2.csproj", "{5AD00972-8ADA-4B1F-B227-21E3ED233D52}"
EndProject
Project("{FAE04EC0-301F-11D3-BF4B-00C04F79EFBC}") = "6-3", "6-3\6-3.csproj", "{78ABA50E-1F77-46E2-AC3C-113A2CF944CF}"
EndProject
Project("{FAE04EC0-301F-11D3-BF4B-00C04F79EFBC}") = "6-4", "6-4\6-4.csproj", "{7C0A7782-876A-4080-AEC5-B687FB9630B4}"
EndProject
Project("{2150E333-8FDC-42A3-9474-1A3956D46DE8}") = "07 else", "07 else", "{FC2AF772-2D00-4389-A48F-6C34A95C207C}"
EndProject
Project("{FAE04EC0-301F-11D3-BF4B-00C04F79EFBC}") = "7-1", "7-1\7-1.csproj", "{24E68126-A6CF-4BDC-BA76-4F536ACBFD41}"
EndProject
Project("{FAE04EC0-301F-11D3-BF4B-00C04F79EFBC}") = "7-2", "7-2\7-2.csproj", "{BB87F03E-CC34-4F16-8AD2-E392C5E7CB20}"
EndProject
Project("{2150E333-8FDC-42A3-9474-1A3956D46DE8}") = "08 su patikrinimo operatoriais", "08 su patikrinimo operatoriais", "{A79B555D-A24D-4ED2-9070-CABA3BC0065B}"
EndProject
Project("{FAE04EC0-301F-11D3-BF4B-00C04F79EFBC}") = "8-1", "8-1\8-1.csproj", "{11562B10-C647-489B-A227-B4CA4E439F70}"
EndProject
Project("{FAE04EC0-301F-11D3-BF4B-00C04F79EFBC}") = "8-2", "8-2\8-2.csproj", "{6086996F-26B2-4CDF-95B5-7FD6669AD717}"
EndProject
Project("{FAE04EC0-301F-11D3-BF4B-00C04F79EFBC}") = "8-3", "8-3\8-3.csproj", "{6A57E92A-DF9E-4C99-B7E5-84B591745847}"
EndProject
Project("{FAE04EC0-301F-11D3-BF4B-00C04F79EFBC}") = "8-4", "8-4\8-4.csproj", "{592EED88-20A6-492E-B32B-D6E1773BA06A}"
EndProject
Global
	GlobalSection(SolutionConfigurationPlatforms) = preSolution
		Debug|Any CPU = Debug|Any CPU
		Release|Any CPU = Release|Any CPU
	EndGlobalSection
	GlobalSection(ProjectConfigurationPlatforms) = postSolution
		{1A241A08-5FB6-49B7-A794-5117171F24AF}.Debug|Any CPU.ActiveCfg = Debug|Any CPU
		{1A241A08-5FB6-49B7-A794-5117171F24AF}.Debug|Any CPU.Build.0 = Debug|Any CPU
		{1A241A08-5FB6-49B7-A794-5117171F24AF}.Release|Any CPU.ActiveCfg = Release|Any CPU
		{1A241A08-5FB6-49B7-A794-5117171F24AF}.Release|Any CPU.Build.0 = Release|Any CPU
		{BA2C9B24-A3C8-406C-A458-A2D8E459F739}.Debug|Any CPU.ActiveCfg = Debug|Any CPU
		{BA2C9B24-A3C8-406C-A458-A2D8E459F739}.Debug|Any CPU.Build.0 = Debug|Any CPU
		{BA2C9B24-A3C8-406C-A458-A2D8E459F739}.Release|Any CPU.ActiveCfg = Release|Any CPU
		{BA2C9B24-A3C8-406C-A458-A2D8E459F739}.Release|Any CPU.Build.0 = Release|Any CPU
		{D5D190A4-EEB4-4BB2-A53A-BC7FD7050453}.Debug|Any CPU.ActiveCfg = Debug|Any CPU
		{D5D190A4-EEB4-4BB2-A53A-BC7FD7050453}.Debug|Any CPU.Build.0 = Debug|Any CPU
		{D5D190A4-EEB4-4BB2-A53A-BC7FD7050453}.Release|Any CPU.ActiveCfg = Release|Any CPU
		{D5D190A4-EEB4-4BB2-A53A-BC7FD7050453}.Release|Any CPU.Build.0 = Release|Any CPU
		{ECBAA58E-C028-46DE-9B01-7979E828B2D1}.Debug|Any CPU.ActiveCfg = Debug|Any CPU
		{ECBAA58E-C028-46DE-9B01-7979E828B2D1}.Debug|Any CPU.Build.0 = Debug|Any CPU
		{ECBAA58E-C028-46DE-9B01-7979E828B2D1}.Release|Any CPU.ActiveCfg = Release|Any CPU
		{ECBAA58E-C028-46DE-9B01-7979E828B2D1}.Release|Any CPU.Build.0 = Release|Any CPU
		{BAE0F6EC-C7B5-4127-9038-48DBED816308}.Debug|Any CPU.ActiveCfg = Debug|Any CPU
		{BAE0F6EC-C7B5-4127-9038-48DBED816308}.Debug|Any CPU.Build.0 = Debug|Any CPU
		{BAE0F6EC-C7B5-4127-9038-48DBED816308}.Release|Any CPU.ActiveCfg = Release|Any CPU
		{BAE0F6EC-C7B5-4127-9038-48DBED816308}.Release|Any CPU.Build.0 = Release|Any CPU
		{483061EF-C4A4-44CF-8F40-B8AA98E8F10B}.Debug|Any CPU.ActiveCfg = Debug|Any CPU
		{483061EF-C4A4-44CF-8F40-B8AA98E8F10B}.Debug|Any CPU.Build.0 = Debug|Any CPU
		{483061EF-C4A4-44CF-8F40-B8AA98E8F10B}.Release|Any CPU.ActiveCfg = Release|Any CPU
		{483061EF-C4A4-44CF-8F40-B8AA98E8F10B}.Release|Any CPU.Build.0 = Release|Any CPU
		{8FBE1CA3-71FF-4E07-BBBE-9FF5B8EA477C}.Debug|Any CPU.ActiveCfg = Debug|Any CPU
		{8FBE1CA3-71FF-4E07-BBBE-9FF5B8EA477C}.Debug|Any CPU.Build.0 = Debug|Any CPU
		{8FBE1CA3-71FF-4E07-BBBE-9FF5B8EA477C}.Release|Any CPU.ActiveCfg = Release|Any CPU
		{8FBE1CA3-71FF-4E07-BBBE-9FF5B8EA477C}.Release|Any CPU.Build.0 = Release|Any CPU
		{00942B10-F695-4F4E-A5D2-987EF9CABADC}.Debug|Any CPU.ActiveCfg = Debug|Any CPU
		{00942B10-F695-4F4E-A5D2-987EF9CABADC}.Debug|Any CPU.Build.0 = Debug|Any CPU
		{00942B10-F695-4F4E-A5D2-987EF9CABADC}.Release|Any CPU.ActiveCfg = Release|Any CPU
		{00942B10-F695-4F4E-A5D2-987EF9CABADC}.Release|Any CPU.Build.0 = Release|Any CPU
		{047A8567-20D6-41C4-AB9F-A239E39969D2}.Debug|Any CPU.ActiveCfg = Debug|Any CPU
		{047A8567-20D6-41C4-AB9F-A239E39969D2}.Debug|Any CPU.Build.0 = Debug|Any CPU
		{047A8567-20D6-41C4-AB9F-A239E39969D2}.Release|Any CPU.ActiveCfg = Release|Any CPU
		{047A8567-20D6-41C4-AB9F-A239E39969D2}.Release|Any CPU.Build.0 = Release|Any CPU
		{AFC4054A-EA33-4B5A-B668-639718F8FFAC}.Debug|Any CPU.ActiveCfg = Debug|Any CPU
		{AFC4054A-EA33-4B5A-B668-639718F8FFAC}.Debug|Any CPU.Build.0 = Debug|Any CPU
		{AFC4054A-EA33-4B5A-B668-639718F8FFAC}.Release|Any CPU.ActiveCfg = Release|Any CPU
		{AFC4054A-EA33-4B5A-B668-639718F8FFAC}.Release|Any CPU.Build.0 = Release|Any CPU
		{D290A1BE-80B9-433A-BA27-6A54181E25D0}.Debug|Any CPU.ActiveCfg = Debug|Any CPU
		{D290A1BE-80B9-433A-BA27-6A54181E25D0}.Debug|Any CPU.Build.0 = Debug|Any CPU
		{D290A1BE-80B9-433A-BA27-6A54181E25D0}.Release|Any CPU.ActiveCfg = Release|Any CPU
		{D290A1BE-80B9-433A-BA27-6A54181E25D0}.Release|Any CPU.Build.0 = Release|Any CPU
		{BEE822DF-A864-40D4-B180-7FEB300EB67C}.Debug|Any CPU.ActiveCfg = Debug|Any CPU
		{BEE822DF-A864-40D4-B180-7FEB300EB67C}.Debug|Any CPU.Build.0 = Debug|Any CPU
		{BEE822DF-A864-40D4-B180-7FEB300EB67C}.Release|Any CPU.ActiveCfg = Release|Any CPU
		{BEE822DF-A864-40D4-B180-7FEB300EB67C}.Release|Any CPU.Build.0 = Release|Any CPU
		{12A6D768-2EAF-4620-948F-5E4C6437E696}.Debug|Any CPU.ActiveCfg = Debug|Any CPU
		{12A6D768-2EAF-4620-948F-5E4C6437E696}.Debug|Any CPU.Build.0 = Debug|Any CPU
		{12A6D768-2EAF-4620-948F-5E4C6437E696}.Release|Any CPU.ActiveCfg = Release|Any CPU
		{12A6D768-2EAF-4620-948F-5E4C6437E696}.Release|Any CPU.Build.0 = Release|Any CPU
		{21640257-5080-423D-897B-BED3F45368A6}.Debug|Any CPU.ActiveCfg = Debug|Any CPU
		{21640257-5080-423D-897B-BED3F45368A6}.Debug|Any CPU.Build.0 = Debug|Any CPU
		{21640257-5080-423D-897B-BED3F45368A6}.Release|Any CPU.ActiveCfg = Release|Any CPU
		{21640257-5080-423D-897B-BED3F45368A6}.Release|Any CPU.Build.0 = Release|Any CPU
		{C7EDA2AB-67A5-414F-BD1E-6AA8D8E32C7D}.Debug|Any CPU.ActiveCfg = Debug|Any CPU
		{C7EDA2AB-67A5-414F-BD1E-6AA8D8E32C7D}.Debug|Any CPU.Build.0 = Debug|Any CPU
		{C7EDA2AB-67A5-414F-BD1E-6AA8D8E32C7D}.Release|Any CPU.ActiveCfg = Release|Any CPU
		{C7EDA2AB-67A5-414F-BD1E-6AA8D8E32C7D}.Release|Any CPU.Build.0 = Release|Any CPU
		{0510CBB5-50B6-411A-AF79-FEB467F79E66}.Debug|Any CPU.ActiveCfg = Debug|Any CPU
		{0510CBB5-50B6-411A-AF79-FEB467F79E66}.Debug|Any CPU.Build.0 = Debug|Any CPU
		{0510CBB5-50B6-411A-AF79-FEB467F79E66}.Release|Any CPU.ActiveCfg = Release|Any CPU
		{0510CBB5-50B6-411A-AF79-FEB467F79E66}.Release|Any CPU.Build.0 = Release|Any CPU
		{88F99E4A-8F07-4E6B-AB54-7EE23BAD05DC}.Debug|Any CPU.ActiveCfg = Debug|Any CPU
		{88F99E4A-8F07-4E6B-AB54-7EE23BAD05DC}.Debug|Any CPU.Build.0 = Debug|Any CPU
		{88F99E4A-8F07-4E6B-AB54-7EE23BAD05DC}.Release|Any CPU.ActiveCfg = Release|Any CPU
		{88F99E4A-8F07-4E6B-AB54-7EE23BAD05DC}.Release|Any CPU.Build.0 = Release|Any CPU
		{D70854FA-1469-462F-95A2-5EA07D19D5BB}.Debug|Any CPU.ActiveCfg = Debug|Any CPU
		{D70854FA-1469-462F-95A2-5EA07D19D5BB}.Debug|Any CPU.Build.0 = Debug|Any CPU
		{D70854FA-1469-462F-95A2-5EA07D19D5BB}.Release|Any CPU.ActiveCfg = Release|Any CPU
		{D70854FA-1469-462F-95A2-5EA07D19D5BB}.Release|Any CPU.Build.0 = Release|Any CPU
		{EB9EA886-101C-43E5-A406-0340DE836665}.Debug|Any CPU.ActiveCfg = Debug|Any CPU
		{EB9EA886-101C-43E5-A406-0340DE836665}.Debug|Any CPU.Build.0 = Debug|Any CPU
		{EB9EA886-101C-43E5-A406-0340DE836665}.Release|Any CPU.ActiveCfg = Release|Any CPU
		{EB9EA886-101C-43E5-A406-0340DE836665}.Release|Any CPU.Build.0 = Release|Any CPU
		{F907085D-7CCE-484F-BF37-22ED6F645778}.Debug|Any CPU.ActiveCfg = Debug|Any CPU
		{F907085D-7CCE-484F-BF37-22ED6F645778}.Debug|Any CPU.Build.0 = Debug|Any CPU
		{F907085D-7CCE-484F-BF37-22ED6F645778}.Release|Any CPU.ActiveCfg = Release|Any CPU
		{F907085D-7CCE-484F-BF37-22ED6F645778}.Release|Any CPU.Build.0 = Release|Any CPU
		{D2021D9A-B4A1-4B23-84F2-4CEEF461EE1B}.Debug|Any CPU.ActiveCfg = Debug|Any CPU
		{D2021D9A-B4A1-4B23-84F2-4CEEF461EE1B}.Debug|Any CPU.Build.0 = Debug|Any CPU
		{D2021D9A-B4A1-4B23-84F2-4CEEF461EE1B}.Release|Any CPU.ActiveCfg = Release|Any CPU
		{D2021D9A-B4A1-4B23-84F2-4CEEF461EE1B}.Release|Any CPU.Build.0 = Release|Any CPU
		{EF2D3AC5-EB6A-42F4-84BA-3B8D0A2E3E3B}.Debug|Any CPU.ActiveCfg = Debug|Any CPU
		{EF2D3AC5-EB6A-42F4-84BA-3B8D0A2E3E3B}.Debug|Any CPU.Build.0 = Debug|Any CPU
		{EF2D3AC5-EB6A-42F4-84BA-3B8D0A2E3E3B}.Release|Any CPU.ActiveCfg = Release|Any CPU
		{EF2D3AC5-EB6A-42F4-84BA-3B8D0A2E3E3B}.Release|Any CPU.Build.0 = Release|Any CPU
		{7F0AF6E9-5D34-44C3-95A3-263AC5BBD8E5}.Debug|Any CPU.ActiveCfg = Debug|Any CPU
		{7F0AF6E9-5D34-44C3-95A3-263AC5BBD8E5}.Debug|Any CPU.Build.0 = Debug|Any CPU
		{7F0AF6E9-5D34-44C3-95A3-263AC5BBD8E5}.Release|Any CPU.ActiveCfg = Release|Any CPU
		{7F0AF6E9-5D34-44C3-95A3-263AC5BBD8E5}.Release|Any CPU.Build.0 = Release|Any CPU
		{73524389-E042-481F-9FC4-D9C2615994AA}.Debug|Any CPU.ActiveCfg = Debug|Any CPU
		{73524389-E042-481F-9FC4-D9C2615994AA}.Debug|Any CPU.Build.0 = Debug|Any CPU
		{73524389-E042-481F-9FC4-D9C2615994AA}.Release|Any CPU.ActiveCfg = Release|Any CPU
		{73524389-E042-481F-9FC4-D9C2615994AA}.Release|Any CPU.Build.0 = Release|Any CPU
		{E384AC10-59D9-4FFB-92E4-C7D53C6E9816}.Debug|Any CPU.ActiveCfg = Debug|Any CPU
		{E384AC10-59D9-4FFB-92E4-C7D53C6E9816}.Debug|Any CPU.Build.0 = Debug|Any CPU
		{E384AC10-59D9-4FFB-92E4-C7D53C6E9816}.Release|Any CPU.ActiveCfg = Release|Any CPU
		{E384AC10-59D9-4FFB-92E4-C7D53C6E9816}.Release|Any CPU.Build.0 = Release|Any CPU
		{5AD00972-8ADA-4B1F-B227-21E3ED233D52}.Debug|Any CPU.ActiveCfg = Debug|Any CPU
		{5AD00972-8ADA-4B1F-B227-21E3ED233D52}.Debug|Any CPU.Build.0 = Debug|Any CPU
		{5AD00972-8ADA-4B1F-B227-21E3ED233D52}.Release|Any CPU.ActiveCfg = Release|Any CPU
		{5AD00972-8ADA-4B1F-B227-21E3ED233D52}.Release|Any CPU.Build.0 = Release|Any CPU
		{78ABA50E-1F77-46E2-AC3C-113A2CF944CF}.Debug|Any CPU.ActiveCfg = Debug|Any CPU
		{78ABA50E-1F77-46E2-AC3C-113A2CF944CF}.Debug|Any CPU.Build.0 = Debug|Any CPU
		{78ABA50E-1F77-46E2-AC3C-113A2CF944CF}.Release|Any CPU.ActiveCfg = Release|Any CPU
		{78ABA50E-1F77-46E2-AC3C-113A2CF944CF}.Release|Any CPU.Build.0 = Release|Any CPU
		{7C0A7782-876A-4080-AEC5-B687FB9630B4}.Debug|Any CPU.ActiveCfg = Debug|Any CPU
		{7C0A7782-876A-4080-AEC5-B687FB9630B4}.Debug|Any CPU.Build.0 = Debug|Any CPU
		{7C0A7782-876A-4080-AEC5-B687FB9630B4}.Release|Any CPU.ActiveCfg = Release|Any CPU
		{7C0A7782-876A-4080-AEC5-B687FB9630B4}.Release|Any CPU.Build.0 = Release|Any CPU
		{24E68126-A6CF-4BDC-BA76-4F536ACBFD41}.Debug|Any CPU.ActiveCfg = Debug|Any CPU
		{24E68126-A6CF-4BDC-BA76-4F536ACBFD41}.Debug|Any CPU.Build.0 = Debug|Any CPU
		{24E68126-A6CF-4BDC-BA76-4F536ACBFD41}.Release|Any CPU.ActiveCfg = Release|Any CPU
		{24E68126-A6CF-4BDC-BA76-4F536ACBFD41}.Release|Any CPU.Build.0 = Release|Any CPU
		{BB87F03E-CC34-4F16-8AD2-E392C5E7CB20}.Debug|Any CPU.ActiveCfg = Debug|Any CPU
		{BB87F03E-CC34-4F16-8AD2-E392C5E7CB20}.Debug|Any CPU.Build.0 = Debug|Any CPU
		{BB87F03E-CC34-4F16-8AD2-E392C5E7CB20}.Release|Any CPU.ActiveCfg = Release|Any CPU
		{BB87F03E-CC34-4F16-8AD2-E392C5E7CB20}.Release|Any CPU.Build.0 = Release|Any CPU
		{11562B10-C647-489B-A227-B4CA4E439F70}.Debug|Any CPU.ActiveCfg = Debug|Any CPU
		{11562B10-C647-489B-A227-B4CA4E439F70}.Debug|Any CPU.Build.0 = Debug|Any CPU
		{11562B10-C647-489B-A227-B4CA4E439F70}.Release|Any CPU.ActiveCfg = Release|Any CPU
		{11562B10-C647-489B-A227-B4CA4E439F70}.Release|Any CPU.Build.0 = Release|Any CPU
		{6086996F-26B2-4CDF-95B5-7FD6669AD717}.Debug|Any CPU.ActiveCfg = Debug|Any CPU
		{6086996F-26B2-4CDF-95B5-7FD6669AD717}.Debug|Any CPU.Build.0 = Debug|Any CPU
		{6086996F-26B2-4CDF-95B5-7FD6669AD717}.Release|Any CPU.ActiveCfg = Release|Any CPU
		{6086996F-26B2-4CDF-95B5-7FD6669AD717}.Release|Any CPU.Build.0 = Release|Any CPU
		{6A57E92A-DF9E-4C99-B7E5-84B591745847}.Debug|Any CPU.ActiveCfg = Debug|Any CPU
		{6A57E92A-DF9E-4C99-B7E5-84B591745847}.Debug|Any CPU.Build.0 = Debug|Any CPU
		{6A57E92A-DF9E-4C99-B7E5-84B591745847}.Release|Any CPU.ActiveCfg = Release|Any CPU
		{6A57E92A-DF9E-4C99-B7E5-84B591745847}.Release|Any CPU.Build.0 = Release|Any CPU
		{592EED88-20A6-492E-B32B-D6E1773BA06A}.Debug|Any CPU.ActiveCfg = Debug|Any CPU
		{592EED88-20A6-492E-B32B-D6E1773BA06A}.Debug|Any CPU.Build.0 = Debug|Any CPU
		{592EED88-20A6-492E-B32B-D6E1773BA06A}.Release|Any CPU.ActiveCfg = Release|Any CPU
		{592EED88-20A6-492E-B32B-D6E1773BA06A}.Release|Any CPU.Build.0 = Release|Any CPU
	EndGlobalSection
	GlobalSection(SolutionProperties) = preSolution
		HideSolutionNode = FALSE
	EndGlobalSection
	GlobalSection(NestedProjects) = preSolution
		{1A241A08-5FB6-49B7-A794-5117171F24AF} = {5C1AF227-21BC-465A-A29E-28AF274163D9}
		{BA2C9B24-A3C8-406C-A458-A2D8E459F739} = {135A86AC-489E-4ED4-88D7-3F7C5EA8BD6F}
		{D5D190A4-EEB4-4BB2-A53A-BC7FD7050453} = {135A86AC-489E-4ED4-88D7-3F7C5EA8BD6F}
		{ECBAA58E-C028-46DE-9B01-7979E828B2D1} = {135A86AC-489E-4ED4-88D7-3F7C5EA8BD6F}
		{BAE0F6EC-C7B5-4127-9038-48DBED816308} = {135A86AC-489E-4ED4-88D7-3F7C5EA8BD6F}
		{483061EF-C4A4-44CF-8F40-B8AA98E8F10B} = {135A86AC-489E-4ED4-88D7-3F7C5EA8BD6F}
		{8FBE1CA3-71FF-4E07-BBBE-9FF5B8EA477C} = {135A86AC-489E-4ED4-88D7-3F7C5EA8BD6F}
		{00942B10-F695-4F4E-A5D2-987EF9CABADC} = {6243A9BF-CDC0-46A1-9FFF-1DD58E2BF38C}
		{047A8567-20D6-41C4-AB9F-A239E39969D2} = {6243A9BF-CDC0-46A1-9FFF-1DD58E2BF38C}
		{AFC4054A-EA33-4B5A-B668-639718F8FFAC} = {6243A9BF-CDC0-46A1-9FFF-1DD58E2BF38C}
		{D290A1BE-80B9-433A-BA27-6A54181E25D0} = {6243A9BF-CDC0-46A1-9FFF-1DD58E2BF38C}
		{BEE822DF-A864-40D4-B180-7FEB300EB67C} = {6243A9BF-CDC0-46A1-9FFF-1DD58E2BF38C}
		{12A6D768-2EAF-4620-948F-5E4C6437E696} = {6243A9BF-CDC0-46A1-9FFF-1DD58E2BF38C}
		{21640257-5080-423D-897B-BED3F45368A6} = {05F54E5B-1922-4CF5-AE1D-F81B19AEE520}
		{C7EDA2AB-67A5-414F-BD1E-6AA8D8E32C7D} = {05F54E5B-1922-4CF5-AE1D-F81B19AEE520}
		{0510CBB5-50B6-411A-AF79-FEB467F79E66} = {05F54E5B-1922-4CF5-AE1D-F81B19AEE520}
		{88F99E4A-8F07-4E6B-AB54-7EE23BAD05DC} = {05F54E5B-1922-4CF5-AE1D-F81B19AEE520}
		{D70854FA-1469-462F-95A2-5EA07D19D5BB} = {05F54E5B-1922-4CF5-AE1D-F81B19AEE520}
		{EB9EA886-101C-43E5-A406-0340DE836665} = {05F54E5B-1922-4CF5-AE1D-F81B19AEE520}
		{F907085D-7CCE-484F-BF37-22ED6F645778} = {05F54E5B-1922-4CF5-AE1D-F81B19AEE520}
		{D2021D9A-B4A1-4B23-84F2-4CEEF461EE1B} = {85319B6F-002C-450C-8F4F-ADCAE42F9A38}
		{EF2D3AC5-EB6A-42F4-84BA-3B8D0A2E3E3B} = {85319B6F-002C-450C-8F4F-ADCAE42F9A38}
		{7F0AF6E9-5D34-44C3-95A3-263AC5BBD8E5} = {85319B6F-002C-450C-8F4F-ADCAE42F9A38}
		{73524389-E042-481F-9FC4-D9C2615994AA} = {85319B6F-002C-450C-8F4F-ADCAE42F9A38}
		{E384AC10-59D9-4FFB-92E4-C7D53C6E9816} = {824F343D-3E61-42FE-A2CD-0BCC2FE14984}
		{5AD00972-8ADA-4B1F-B227-21E3ED233D52} = {824F343D-3E61-42FE-A2CD-0BCC2FE14984}
		{78ABA50E-1F77-46E2-AC3C-113A2CF944CF} = {824F343D-3E61-42FE-A2CD-0BCC2FE14984}
		{7C0A7782-876A-4080-AEC5-B687FB9630B4} = {824F343D-3E61-42FE-A2CD-0BCC2FE14984}
		{24E68126-A6CF-4BDC-BA76-4F536ACBFD41} = {FC2AF772-2D00-4389-A48F-6C34A95C207C}
		{BB87F03E-CC34-4F16-8AD2-E392C5E7CB20} = {FC2AF772-2D00-4389-A48F-6C34A95C207C}
		{11562B10-C647-489B-A227-B4CA4E439F70} = {A79B555D-A24D-4ED2-9070-CABA3BC0065B}
		{6086996F-26B2-4CDF-95B5-7FD6669AD717} = {A79B555D-A24D-4ED2-9070-CABA3BC0065B}
		{6A57E92A-DF9E-4C99-B7E5-84B591745847} = {A79B555D-A24D-4ED2-9070-CABA3BC0065B}
		{592EED88-20A6-492E-B32B-D6E1773BA06A} = {A79B555D-A24D-4ED2-9070-CABA3BC0065B}
	EndGlobalSection
	GlobalSection(ExtensibilityGlobals) = postSolution
		SolutionGuid = {C6FBB1C4-044B-41B5-97B6-6C0E72467501}
	EndGlobalSection
EndGlobal
