
Microsoft Visual Studio Solution File, Format Version 12.00
# Visual Studio 15
VisualStudioVersion = 15.0.27004.2009
MinimumVisualStudioVersion = 10.0.40219.1
Project("{2150E333-8FDC-42A3-9474-1A3956D46DE8}") = "01 kintamieji", "01 kintamieji", "{5C1AF227-21BC-465A-A29E-28AF274163D9}"
EndProject
Project("{FAE04EC0-301F-11D3-BF4B-00C04F79EFBC}") = "1-1", "1-1\1-1.csproj", "{1A241A08-5FB6-49B7-A794-5117171F24AF}"
EndProject
Project("{2150E333-8FDC-42A3-9474-1A3956D46DE8}") = "02 isvedimas", "02 isvedimas", "{135A86AC-489E-4ED4-88D7-3F7C5EA8BD6F}"
EndProject
Project("{FAE04EC0-301F-11D3-BF4B-00C04F79EFBC}") = "2-1", "2-1\2-1.csproj", "{BA2C9B24-A3C8-406C-A458-A2D8E459F739}"
EndProject
Project("{FAE04EC0-301F-11D3-BF4B-00C04F79EFBC}") = "2-2", "2-2\2-2.csproj", "{D5D190A4-EEB4-4BB2-A53A-BC7FD7050453}"
EndProject
Project("{FAE04EC0-301F-11D3-BF4B-00C04F79EFBC}") = "2-3", "2-3\2-3.csproj", "{ECBAA58E-C028-46DE-9B01-7979E828B2D1}"
EndProject
Project("{FAE04EC0-301F-11D3-BF4B-00C04F79EFBC}") = "2-4", "2-4\2-4.csproj", "{BAE0F6EC-C7B5-4127-9038-48DBED816308}"
EndProject
Project("{FAE04EC0-301F-11D3-BF4B-00C04F79EFBC}") = "2-5", "2-5\2-5.csproj", "{483061EF-C4A4-44CF-8F40-B8AA98E8F10B}"
EndProject
Project("{FAE04EC0-301F-11D3-BF4B-00C04F79EFBC}") = "2-6", "2-6\2-6.csproj", "{8FBE1CA3-71FF-4E07-BBBE-9FF5B8EA477C}"
EndProject
Project("{2150E333-8FDC-42A3-9474-1A3956D46DE8}") = "03 aritmetiniai veiksmai", "03 aritmetiniai veiksmai", "{6243A9BF-CDC0-46A1-9FFF-1DD58E2BF38C}"
EndProject
Project("{FAE04EC0-301F-11D3-BF4B-00C04F79EFBC}") = "3-1", "3-1\3-1.csproj", "{00942B10-F695-4F4E-A5D2-987EF9CABADC}"
EndProject
Project("{FAE04EC0-301F-11D3-BF4B-00C04F79EFBC}") = "3-2", "3-2\3-2.csproj", "{047A8567-20D6-41C4-AB9F-A239E39969D2}"
EndProject
Project("{FAE04EC0-301F-11D3-BF4B-00C04F79EFBC}") = "3-3", "3-3\3-3.csproj", "{AFC4054A-EA33-4B5A-B668-639718F8FFAC}"
EndProject
Project("{FAE04EC0-301F-11D3-BF4B-00C04F79EFBC}") = "3-4", "3-4\3-4.csproj", "{D290A1BE-80B9-433A-BA27-6A54181E25D0}"
EndProject
Project("{FAE04EC0-301F-11D3-BF4B-00C04F79EFBC}") = "3-5", "3-5\3-5.csproj", "{BEE822DF-A864-40D4-B180-7FEB300EB67C}"
EndProject
Project("{FAE04EC0-301F-11D3-BF4B-00C04F79EFBC}") = "3-6", "3-6\3-6.csproj", "{12A6D768-2EAF-4620-948F-5E4C6437E696}"
EndProject
Project("{2150E333-8FDC-42A3-9474-1A3956D46DE8}") = "04 ivedimas", "04 ivedimas", "{05F54E5B-1922-4CF5-AE1D-F81B19AEE520}"
EndProject
Project("{FAE04EC0-301F-11D3-BF4B-00C04F79EFBC}") = "4-1", "4-1\4-1.csproj", "{21640257-5080-423D-897B-BED3F45368A6}"
EndProject
Project("{FAE04EC0-301F-11D3-BF4B-00C04F79EFBC}") = "4-2", "4-2\4-2.csproj", "{C7EDA2AB-67A5-414F-BD1E-6AA8D8E32C7D}"
EndProject
Project("{FAE04EC0-301F-11D3-BF4B-00C04F79EFBC}") = "4-3", "4-3\4-3.csproj", "{0510CBB5-50B6-411A-AF79-FEB467F79E66}"
EndProject
Project("{FAE04EC0-301F-11D3-BF4B-00C04F79EFBC}") = "4-4", "4-4\4-4.csproj", "{88F99E4A-8F07-4E6B-AB54-7EE23BAD05DC}"
EndProject
Project("{FAE04EC0-301F-11D3-BF4B-00C04F79EFBC}") = "4-5", "4-5\4-5.csproj", "{D70854FA-1469-462F-95A2-5EA07D19D5BB}"
EndProject
Project("{FAE04EC0-301F-11D3-BF4B-00C04F79EFBC}") = "4-6", "4-6\4-6.csproj", "{EB9EA886-101C-43E5-A406-0340DE836665}"
EndProject
Project("{FAE04EC0-301F-11D3-BF4B-00C04F79EFBC}") = "4-7", "4-7\4-7.csproj", "{F907085D-7CCE-484F-BF37-22ED6F645778}"
EndProject
Project("{2150E333-8FDC-42A3-9474-1A3956D46DE8}") = "05 if", "05 if", "{85319B6F-002C-450C-8F4F-ADCAE42F9A38}"
EndProject
Project("{FAE04EC0-301F-11D3-BF4B-00C04F79EFBC}") = "5-1", "5-1\5-1.csproj", "{D2021D9A-B4A1-4B23-84F2-4CEEF461EE1B}"
EndProject
Project("{FAE04EC0-301F-11D3-BF4B-00C04F79EFBC}") = "5-2", "5-2\5-2.csproj", "{EF2D3AC5-EB6A-42F4-84BA-3B8D0A2E3E3B}"
EndProject
Project("{FAE04EC0-301F-11D3-BF4B-00C04F79EFBC}") = "5-3", "5-3\5-3.csproj", "{7F0AF6E9-5D34-44C3-95A3-263AC5BBD8E5}"
EndProject
Project("{FAE04EC0-301F-11D3-BF4B-00C04F79EFBC}") = "5-4", "5-4\5-4.csproj", "{73524389-E042-481F-9FC4-D9C2615994AA}"
EndProject
Project("{2150E333-8FDC-42A3-9474-1A3956D46DE8}") = "06 else if", "06 else if", "{824F343D-3E61-42FE-A2CD-0BCC2FE14984}"
EndProject
Project("{FAE04EC0-301F-11D3-BF4B-00C04F79EFBC}") = "6-1", "6-1\6-1.csproj", "{E384AC10-59D9-4FFB-92E4-C7D53C6E9816}"
EndProject
Project("{FAE04EC0-301F-11D3-BF4B-00C04F79EFBC}") = "6-2", "6-2\6-2.csproj", "{5AD00972-8ADA-4B1F-B227-21E3ED233D52}"
EndProject
Project("{FAE04EC0-301F-11D3-BF4B-00C04F79EFBC}") = "6-3", "6-3\6-3.csproj", "{78ABA50E-1F77-46E2-AC3C-113A2CF944CF}"
EndProject
Project("{FAE04EC0-301F-11D3-BF4B-00C04F79EFBC}") = "6-4", "6-4\6-4.csproj", "{7C0A7782-876A-4080-AEC5-B687FB9630B4}"
EndProject
Project("{2150E333-8FDC-42A3-9474-1A3956D46DE8}") = "07 else", "07 else", "{FC2AF772-2D00-4389-A48F-6C34A95C207C}"
EndProject
Project("{FAE04EC0-301F-11D3-BF4B-00C04F79EFBC}") = "7-1", "7-1\7-1.csproj", "{24E68126-A6CF-4BDC-BA76-4F536ACBFD41}"
EndProject
Project("{FAE04EC0-301F-11D3-BF4B-00C04F79EFBC}") = "7-2", "7-2\7-2.csproj", "{BB87F03E-CC34-4F16-8AD2-E392C5E7CB20}"
EndProject
Project("{2150E333-8FDC-42A3-9474-1A3956D46DE8}") = "08 su patikrinimo operatoriais", "08 su patikrinimo operatoriais", "{A79B555D-A24D-4ED2-9070-CABA3BC0065B}"
EndProject
Project("{FAE04EC0-301F-11D3-BF4B-00C04F79EFBC}") = "8-1", "8-1\8-1.csproj", "{11562B10-C647-489B-A227-B4CA4E439F70}"
EndProject
Project("{FAE04EC0-301F-11D3-BF4B-00C04F79EFBC}") = "8-2", "8-2\8-2.csproj", "{6086996F-26B2-4CDF-95B5-7FD6669AD717}"
EndProject
Project("{FAE04EC0-301F-11D3-BF4B-00C04F79EFBC}") = "8-3", "8-3\8-3.csproj", "{6A57E92A-DF9E-4C99-B7E5-84B591745847}"
EndProject
Project("{FAE04EC0-301F-11D3-BF4B-00C04F79EFBC}") = "8-4", "8-4\8-4.csproj", "{592EED88-20A6-492E-B32B-D6E1773BA06A}"
EndProject
Project("{2150E333-8FDC-42A3-9474-1A3956D46DE8}") = "09 switch", "09 switch", "{4EF5B42B-08FF-44E8-AFF6-A8458A9C4C90}"
EndProject
Project("{FAE04EC0-301F-11D3-BF4B-00C04F79EFBC}") = "9-1", "9-1\9-1.csproj", "{D6E35F25-7F1C-4CBE-8633-CC9A99BBBADA}"
EndProject
Project("{FAE04EC0-301F-11D3-BF4B-00C04F79EFBC}") = "9-2", "9-2\9-2.csproj", "{AE2E7829-43E4-4FE8-B73F-F89A1570C66C}"
EndProject
Project("{FAE04EC0-301F-11D3-BF4B-00C04F79EFBC}") = "9-3", "9-3\9-3.csproj", "{01126DF2-899A-4697-B948-06193D450C39}"
EndProject
Project("{FAE04EC0-301F-11D3-BF4B-00C04F79EFBC}") = "9-4", "9-4\9-4.csproj", "{CA19B7E3-5694-4285-99BF-19D19E92E24C}"
EndProject
Project("{FAE04EC0-301F-11D3-BF4B-00C04F79EFBC}") = "9 tarpine uzduotis", "9 tarpine uzduotis\9 tarpine uzduotis.csproj", "{A94A909F-7AF0-4C04-9433-85E157F1876E}"
EndProject
Project("{2150E333-8FDC-42A3-9474-1A3956D46DE8}") = "10 ciklas for", "10 ciklas for", "{569509B2-B342-491B-92BA-8773CD861020}"
EndProject
Project("{FAE04EC0-301F-11D3-BF4B-00C04F79EFBC}") = "10-1", "10-1\10-1.csproj", "{0106C4AD-4FCF-4CF2-8162-429C344C63BF}"
EndProject
Project("{FAE04EC0-301F-11D3-BF4B-00C04F79EFBC}") = "10-2", "10-2\10-2.csproj", "{1E6B23A6-6185-4879-A0E5-ECDAC62EEAEA}"
EndProject
Project("{FAE04EC0-301F-11D3-BF4B-00C04F79EFBC}") = "10-3", "10-3\10-3.csproj", "{3E8ED598-E22D-48D1-BA1C-6FF1C1769F33}"
EndProject
Project("{FAE04EC0-301F-11D3-BF4B-00C04F79EFBC}") = "10-4", "10-4\10-4.csproj", "{B7E380CC-9F01-433C-9568-1F78DA3C995B}"
EndProject
Project("{FAE04EC0-301F-11D3-BF4B-00C04F79EFBC}") = "10-5", "10-5\10-5.csproj", "{E95A2CE2-6EF0-4BD2-87DF-D7F9E195895F}"
EndProject
Project("{FAE04EC0-301F-11D3-BF4B-00C04F79EFBC}") = "10-6", "10-6\10-6.csproj", "{6704D80D-223A-41ED-914D-CFD27D081BDC}"
EndProject
Project("{FAE04EC0-301F-11D3-BF4B-00C04F79EFBC}") = "10-7", "10-7\10-7.csproj", "{B499C779-1D29-4BEF-9789-B46A05F3E74C}"
EndProject
Project("{FAE04EC0-301F-11D3-BF4B-00C04F79EFBC}") = "10-8", "10-8\10-8.csproj", "{AEFCA373-5C3A-4788-A51D-35757707A45B}"
EndProject
Project("{FAE04EC0-301F-11D3-BF4B-00C04F79EFBC}") = "10-9", "10-9\10-9.csproj", "{1C86B055-8A1D-4958-87ED-DD74977FAEBD}"
EndProject
Project("{FAE04EC0-301F-11D3-BF4B-00C04F79EFBC}") = "10-10", "10-10\10-10.csproj", "{764648D4-E37C-4627-8287-FC7D703D137E}"
EndProject
Project("{FAE04EC0-301F-11D3-BF4B-00C04F79EFBC}") = "10-11", "10-11\10-11.csproj", "{7F2D8B76-7780-4A23-8A4D-3B40A04FB470}"
EndProject
Project("{FAE04EC0-301F-11D3-BF4B-00C04F79EFBC}") = "10-12", "10-12\10-12.csproj", "{31C08246-C5EE-4B70-A74E-7640F32F0A19}"
EndProject
Project("{2150E333-8FDC-42A3-9474-1A3956D46DE8}") = "11 Ciklas while", "11 Ciklas while", "{AD393CE9-0F98-4693-88BF-0EF914F3DC95}"
EndProject
Project("{FAE04EC0-301F-11D3-BF4B-00C04F79EFBC}") = "11-1", "11-1\11-1.csproj", "{15902073-00E0-413E-BF75-601AD3A85081}"
EndProject
Project("{FAE04EC0-301F-11D3-BF4B-00C04F79EFBC}") = "11-2", "11-2\11-2.csproj", "{37A03433-A833-4EE7-BC0D-14113E408500}"
EndProject
Project("{FAE04EC0-301F-11D3-BF4B-00C04F79EFBC}") = "11-3", "11-3\11-3.csproj", "{82D81A88-0B51-4F7E-AE60-727E27B99AE3}"
EndProject
Project("{FAE04EC0-301F-11D3-BF4B-00C04F79EFBC}") = "11-4", "11-4\11-4.csproj", "{D55ACE1F-BFC9-4FC8-825E-4B27D0090E7F}"
EndProject
Project("{FAE04EC0-301F-11D3-BF4B-00C04F79EFBC}") = "11-5", "11-5\11-5.csproj", "{FF8A9F99-EFC4-4CDE-A9D8-579A90400747}"
EndProject
Project("{FAE04EC0-301F-11D3-BF4B-00C04F79EFBC}") = "11-6", "11-6\11-6.csproj", "{892E537C-71CD-43DD-8C01-ACAA09F1C16E}"
EndProject
Project("{FAE04EC0-301F-11D3-BF4B-00C04F79EFBC}") = "11 pabandymas", "11 pabandymas\11 pabandymas.csproj", "{9D125264-3226-4EDD-82CE-3D9ABAF17622}"
EndProject
Project("{2150E333-8FDC-42A3-9474-1A3956D46DE8}") = "12 Do while", "12 Do while", "{F08AC2FF-A446-40B0-A9C6-4DF5FB9833A0}"
EndProject
Project("{FAE04EC0-301F-11D3-BF4B-00C04F79EFBC}") = "12-1", "12-1\12-1.csproj", "{D9DC1370-64B1-4F71-AA8D-5FD3BA98F56E}"
EndProject
Project("{FAE04EC0-301F-11D3-BF4B-00C04F79EFBC}") = "12-2", "12-2\12-2.csproj", "{53880A62-A2B7-4349-9A44-EB7EF258BBD4}"
EndProject
Project("{FAE04EC0-301F-11D3-BF4B-00C04F79EFBC}") = "12-3", "12-3\12-3.csproj", "{541C775E-E23A-45BB-A055-8B9C3E9BD868}"
EndProject
Project("{2150E333-8FDC-42A3-9474-1A3956D46DE8}") = "13 masyvai", "13 masyvai", "{F6FE8F4C-AF2B-449D-A729-DE9F6C45E7AA}"
EndProject
Project("{FAE04EC0-301F-11D3-BF4B-00C04F79EFBC}") = "13-1", "13-1\13-1.csproj", "{191646BF-ACAD-467A-A8AA-158D905AC714}"
EndProject
Project("{FAE04EC0-301F-11D3-BF4B-00C04F79EFBC}") = "13-2", "13-2\13-2.csproj", "{F8C1CDB5-625D-4644-8D2B-8C8B520311F1}"
EndProject
Project("{FAE04EC0-301F-11D3-BF4B-00C04F79EFBC}") = "13-3", "13-3\13-3.csproj", "{6AA3BCB2-DBE7-4BDD-87F8-1810720C578E}"
EndProject
Project("{FAE04EC0-301F-11D3-BF4B-00C04F79EFBC}") = "13-1uzduotis", "13-1uzduotis\13-1uzduotis.csproj", "{5416E62E-ADFE-4146-9BE5-82EAD2978B16}"
EndProject
Project("{FAE04EC0-301F-11D3-BF4B-00C04F79EFBC}") = "13-1uz2", "13-1uz2\13-1uz2.csproj", "{6407297B-6873-4031-BE6F-D73EDB8608E8}"
EndProject
Project("{FAE04EC0-301F-11D3-BF4B-00C04F79EFBC}") = "13-uzd2", "13-uzd2\13-uzd2.csproj", "{914F4C2B-DE6D-47AD-98FF-0EF4CC3C4FCB}"
EndProject
Project("{2150E333-8FDC-42A3-9474-1A3956D46DE8}") = "14 list", "14 list", "{E22D5177-3B4E-4879-ACCB-1DD5C6184AEE}"
EndProject
Project("{FAE04EC0-301F-11D3-BF4B-00C04F79EFBC}") = "14-1", "14-1\14-1.csproj", "{1CE3C304-5015-405F-8919-18368ED33DC8}"
EndProject
Project("{FAE04EC0-301F-11D3-BF4B-00C04F79EFBC}") = "14-2", "14-3\14-2.csproj", "{75B7CC80-973B-4D76-A4D3-CD77416FBA75}"
EndProject
Project("{FAE04EC0-301F-11D3-BF4B-00C04F79EFBC}") = "14-3uzd", "14-3uzd\14-3uzd.csproj", "{1DFFD48A-2F1C-4008-B329-2DCFE939A434}"
EndProject
Project("{2150E333-8FDC-42A3-9474-1A3956D46DE8}") = "Pasibandymai", "Pasibandymai", "{5BA9835A-D930-42AD-B935-DB3F3C00C3D4}"
EndProject
Project("{FAE04EC0-301F-11D3-BF4B-00C04F79EFBC}") = "bandymai1", "bandymai1\bandymai1.csproj", "{19B931A8-C12C-405F-B0FF-B8EE1F33D186}"
EndProject
Project("{FAE04EC0-301F-11D3-BF4B-00C04F79EFBC}") = "paband2", "paband2\paband2.csproj", "{3D5915E7-AE77-45EA-82ED-D12440E661C0}"
EndProject
Project("{FAE04EC0-301F-11D3-BF4B-00C04F79EFBC}") = "paband3", "paband3\paband3.csproj", "{CA82B9B8-5B7D-49C7-9C0E-514A0F82A558}"
EndProject
Project("{FAE04EC0-301F-11D3-BF4B-00C04F79EFBC}") = "sumos paieska", "paband4\sumos paieska.csproj", "{DF55765E-C4D0-467F-A497-AE763B404104}"
EndProject
Project("{FAE04EC0-301F-11D3-BF4B-00C04F79EFBC}") = "List", "List\List.csproj", "{C1A4A8C7-C373-4D9B-B522-6F4F99CDDC24}"
EndProject
Global
	GlobalSection(SolutionConfigurationPlatforms) = preSolution
		Debug|Any CPU = Debug|Any CPU
		Release|Any CPU = Release|Any CPU
	EndGlobalSection
	GlobalSection(ProjectConfigurationPlatforms) = postSolution
		{1A241A08-5FB6-49B7-A794-5117171F24AF}.Debug|Any CPU.ActiveCfg = Debug|Any CPU
		{1A241A08-5FB6-49B7-A794-5117171F24AF}.Debug|Any CPU.Build.0 = Debug|Any CPU
		{1A241A08-5FB6-49B7-A794-5117171F24AF}.Release|Any CPU.ActiveCfg = Release|Any CPU
		{1A241A08-5FB6-49B7-A794-5117171F24AF}.Release|Any CPU.Build.0 = Release|Any CPU
		{BA2C9B24-A3C8-406C-A458-A2D8E459F739}.Debug|Any CPU.ActiveCfg = Debug|Any CPU
		{BA2C9B24-A3C8-406C-A458-A2D8E459F739}.Debug|Any CPU.Build.0 = Debug|Any CPU
		{BA2C9B24-A3C8-406C-A458-A2D8E459F739}.Release|Any CPU.ActiveCfg = Release|Any CPU
		{BA2C9B24-A3C8-406C-A458-A2D8E459F739}.Release|Any CPU.Build.0 = Release|Any CPU
		{D5D190A4-EEB4-4BB2-A53A-BC7FD7050453}.Debug|Any CPU.ActiveCfg = Debug|Any CPU
		{D5D190A4-EEB4-4BB2-A53A-BC7FD7050453}.Debug|Any CPU.Build.0 = Debug|Any CPU
		{D5D190A4-EEB4-4BB2-A53A-BC7FD7050453}.Release|Any CPU.ActiveCfg = Release|Any CPU
		{D5D190A4-EEB4-4BB2-A53A-BC7FD7050453}.Release|Any CPU.Build.0 = Release|Any CPU
		{ECBAA58E-C028-46DE-9B01-7979E828B2D1}.Debug|Any CPU.ActiveCfg = Debug|Any CPU
		{ECBAA58E-C028-46DE-9B01-7979E828B2D1}.Debug|Any CPU.Build.0 = Debug|Any CPU
		{ECBAA58E-C028-46DE-9B01-7979E828B2D1}.Release|Any CPU.ActiveCfg = Release|Any CPU
		{ECBAA58E-C028-46DE-9B01-7979E828B2D1}.Release|Any CPU.Build.0 = Release|Any CPU
		{BAE0F6EC-C7B5-4127-9038-48DBED816308}.Debug|Any CPU.ActiveCfg = Debug|Any CPU
		{BAE0F6EC-C7B5-4127-9038-48DBED816308}.Debug|Any CPU.Build.0 = Debug|Any CPU
		{BAE0F6EC-C7B5-4127-9038-48DBED816308}.Release|Any CPU.ActiveCfg = Release|Any CPU
		{BAE0F6EC-C7B5-4127-9038-48DBED816308}.Release|Any CPU.Build.0 = Release|Any CPU
		{483061EF-C4A4-44CF-8F40-B8AA98E8F10B}.Debug|Any CPU.ActiveCfg = Debug|Any CPU
		{483061EF-C4A4-44CF-8F40-B8AA98E8F10B}.Debug|Any CPU.Build.0 = Debug|Any CPU
		{483061EF-C4A4-44CF-8F40-B8AA98E8F10B}.Release|Any CPU.ActiveCfg = Release|Any CPU
		{483061EF-C4A4-44CF-8F40-B8AA98E8F10B}.Release|Any CPU.Build.0 = Release|Any CPU
		{8FBE1CA3-71FF-4E07-BBBE-9FF5B8EA477C}.Debug|Any CPU.ActiveCfg = Debug|Any CPU
		{8FBE1CA3-71FF-4E07-BBBE-9FF5B8EA477C}.Debug|Any CPU.Build.0 = Debug|Any CPU
		{8FBE1CA3-71FF-4E07-BBBE-9FF5B8EA477C}.Release|Any CPU.ActiveCfg = Release|Any CPU
		{8FBE1CA3-71FF-4E07-BBBE-9FF5B8EA477C}.Release|Any CPU.Build.0 = Release|Any CPU
		{00942B10-F695-4F4E-A5D2-987EF9CABADC}.Debug|Any CPU.ActiveCfg = Debug|Any CPU
		{00942B10-F695-4F4E-A5D2-987EF9CABADC}.Debug|Any CPU.Build.0 = Debug|Any CPU
		{00942B10-F695-4F4E-A5D2-987EF9CABADC}.Release|Any CPU.ActiveCfg = Release|Any CPU
		{00942B10-F695-4F4E-A5D2-987EF9CABADC}.Release|Any CPU.Build.0 = Release|Any CPU
		{047A8567-20D6-41C4-AB9F-A239E39969D2}.Debug|Any CPU.ActiveCfg = Debug|Any CPU
		{047A8567-20D6-41C4-AB9F-A239E39969D2}.Debug|Any CPU.Build.0 = Debug|Any CPU
		{047A8567-20D6-41C4-AB9F-A239E39969D2}.Release|Any CPU.ActiveCfg = Release|Any CPU
		{047A8567-20D6-41C4-AB9F-A239E39969D2}.Release|Any CPU.Build.0 = Release|Any CPU
		{AFC4054A-EA33-4B5A-B668-639718F8FFAC}.Debug|Any CPU.ActiveCfg = Debug|Any CPU
		{AFC4054A-EA33-4B5A-B668-639718F8FFAC}.Debug|Any CPU.Build.0 = Debug|Any CPU
		{AFC4054A-EA33-4B5A-B668-639718F8FFAC}.Release|Any CPU.ActiveCfg = Release|Any CPU
		{AFC4054A-EA33-4B5A-B668-639718F8FFAC}.Release|Any CPU.Build.0 = Release|Any CPU
		{D290A1BE-80B9-433A-BA27-6A54181E25D0}.Debug|Any CPU.ActiveCfg = Debug|Any CPU
		{D290A1BE-80B9-433A-BA27-6A54181E25D0}.Debug|Any CPU.Build.0 = Debug|Any CPU
		{D290A1BE-80B9-433A-BA27-6A54181E25D0}.Release|Any CPU.ActiveCfg = Release|Any CPU
		{D290A1BE-80B9-433A-BA27-6A54181E25D0}.Release|Any CPU.Build.0 = Release|Any CPU
		{BEE822DF-A864-40D4-B180-7FEB300EB67C}.Debug|Any CPU.ActiveCfg = Debug|Any CPU
		{BEE822DF-A864-40D4-B180-7FEB300EB67C}.Debug|Any CPU.Build.0 = Debug|Any CPU
		{BEE822DF-A864-40D4-B180-7FEB300EB67C}.Release|Any CPU.ActiveCfg = Release|Any CPU
		{BEE822DF-A864-40D4-B180-7FEB300EB67C}.Release|Any CPU.Build.0 = Release|Any CPU
		{12A6D768-2EAF-4620-948F-5E4C6437E696}.Debug|Any CPU.ActiveCfg = Debug|Any CPU
		{12A6D768-2EAF-4620-948F-5E4C6437E696}.Debug|Any CPU.Build.0 = Debug|Any CPU
		{12A6D768-2EAF-4620-948F-5E4C6437E696}.Release|Any CPU.ActiveCfg = Release|Any CPU
		{12A6D768-2EAF-4620-948F-5E4C6437E696}.Release|Any CPU.Build.0 = Release|Any CPU
		{21640257-5080-423D-897B-BED3F45368A6}.Debug|Any CPU.ActiveCfg = Debug|Any CPU
		{21640257-5080-423D-897B-BED3F45368A6}.Debug|Any CPU.Build.0 = Debug|Any CPU
		{21640257-5080-423D-897B-BED3F45368A6}.Release|Any CPU.ActiveCfg = Release|Any CPU
		{21640257-5080-423D-897B-BED3F45368A6}.Release|Any CPU.Build.0 = Release|Any CPU
		{C7EDA2AB-67A5-414F-BD1E-6AA8D8E32C7D}.Debug|Any CPU.ActiveCfg = Debug|Any CPU
		{C7EDA2AB-67A5-414F-BD1E-6AA8D8E32C7D}.Debug|Any CPU.Build.0 = Debug|Any CPU
		{C7EDA2AB-67A5-414F-BD1E-6AA8D8E32C7D}.Release|Any CPU.ActiveCfg = Release|Any CPU
		{C7EDA2AB-67A5-414F-BD1E-6AA8D8E32C7D}.Release|Any CPU.Build.0 = Release|Any CPU
		{0510CBB5-50B6-411A-AF79-FEB467F79E66}.Debug|Any CPU.ActiveCfg = Debug|Any CPU
		{0510CBB5-50B6-411A-AF79-FEB467F79E66}.Debug|Any CPU.Build.0 = Debug|Any CPU
		{0510CBB5-50B6-411A-AF79-FEB467F79E66}.Release|Any CPU.ActiveCfg = Release|Any CPU
		{0510CBB5-50B6-411A-AF79-FEB467F79E66}.Release|Any CPU.Build.0 = Release|Any CPU
		{88F99E4A-8F07-4E6B-AB54-7EE23BAD05DC}.Debug|Any CPU.ActiveCfg = Debug|Any CPU
		{88F99E4A-8F07-4E6B-AB54-7EE23BAD05DC}.Debug|Any CPU.Build.0 = Debug|Any CPU
		{88F99E4A-8F07-4E6B-AB54-7EE23BAD05DC}.Release|Any CPU.ActiveCfg = Release|Any CPU
		{88F99E4A-8F07-4E6B-AB54-7EE23BAD05DC}.Release|Any CPU.Build.0 = Release|Any CPU
		{D70854FA-1469-462F-95A2-5EA07D19D5BB}.Debug|Any CPU.ActiveCfg = Debug|Any CPU
		{D70854FA-1469-462F-95A2-5EA07D19D5BB}.Debug|Any CPU.Build.0 = Debug|Any CPU
		{D70854FA-1469-462F-95A2-5EA07D19D5BB}.Release|Any CPU.ActiveCfg = Release|Any CPU
		{D70854FA-1469-462F-95A2-5EA07D19D5BB}.Release|Any CPU.Build.0 = Release|Any CPU
		{EB9EA886-101C-43E5-A406-0340DE836665}.Debug|Any CPU.ActiveCfg = Debug|Any CPU
		{EB9EA886-101C-43E5-A406-0340DE836665}.Debug|Any CPU.Build.0 = Debug|Any CPU
		{EB9EA886-101C-43E5-A406-0340DE836665}.Release|Any CPU.ActiveCfg = Release|Any CPU
		{EB9EA886-101C-43E5-A406-0340DE836665}.Release|Any CPU.Build.0 = Release|Any CPU
		{F907085D-7CCE-484F-BF37-22ED6F645778}.Debug|Any CPU.ActiveCfg = Debug|Any CPU
		{F907085D-7CCE-484F-BF37-22ED6F645778}.Debug|Any CPU.Build.0 = Debug|Any CPU
		{F907085D-7CCE-484F-BF37-22ED6F645778}.Release|Any CPU.ActiveCfg = Release|Any CPU
		{F907085D-7CCE-484F-BF37-22ED6F645778}.Release|Any CPU.Build.0 = Release|Any CPU
		{D2021D9A-B4A1-4B23-84F2-4CEEF461EE1B}.Debug|Any CPU.ActiveCfg = Debug|Any CPU
		{D2021D9A-B4A1-4B23-84F2-4CEEF461EE1B}.Debug|Any CPU.Build.0 = Debug|Any CPU
		{D2021D9A-B4A1-4B23-84F2-4CEEF461EE1B}.Release|Any CPU.ActiveCfg = Release|Any CPU
		{D2021D9A-B4A1-4B23-84F2-4CEEF461EE1B}.Release|Any CPU.Build.0 = Release|Any CPU
		{EF2D3AC5-EB6A-42F4-84BA-3B8D0A2E3E3B}.Debug|Any CPU.ActiveCfg = Debug|Any CPU
		{EF2D3AC5-EB6A-42F4-84BA-3B8D0A2E3E3B}.Debug|Any CPU.Build.0 = Debug|Any CPU
		{EF2D3AC5-EB6A-42F4-84BA-3B8D0A2E3E3B}.Release|Any CPU.ActiveCfg = Release|Any CPU
		{EF2D3AC5-EB6A-42F4-84BA-3B8D0A2E3E3B}.Release|Any CPU.Build.0 = Release|Any CPU
		{7F0AF6E9-5D34-44C3-95A3-263AC5BBD8E5}.Debug|Any CPU.ActiveCfg = Debug|Any CPU
		{7F0AF6E9-5D34-44C3-95A3-263AC5BBD8E5}.Debug|Any CPU.Build.0 = Debug|Any CPU
		{7F0AF6E9-5D34-44C3-95A3-263AC5BBD8E5}.Release|Any CPU.ActiveCfg = Release|Any CPU
		{7F0AF6E9-5D34-44C3-95A3-263AC5BBD8E5}.Release|Any CPU.Build.0 = Release|Any CPU
		{73524389-E042-481F-9FC4-D9C2615994AA}.Debug|Any CPU.ActiveCfg = Debug|Any CPU
		{73524389-E042-481F-9FC4-D9C2615994AA}.Debug|Any CPU.Build.0 = Debug|Any CPU
		{73524389-E042-481F-9FC4-D9C2615994AA}.Release|Any CPU.ActiveCfg = Release|Any CPU
		{73524389-E042-481F-9FC4-D9C2615994AA}.Release|Any CPU.Build.0 = Release|Any CPU
		{E384AC10-59D9-4FFB-92E4-C7D53C6E9816}.Debug|Any CPU.ActiveCfg = Debug|Any CPU
		{E384AC10-59D9-4FFB-92E4-C7D53C6E9816}.Debug|Any CPU.Build.0 = Debug|Any CPU
		{E384AC10-59D9-4FFB-92E4-C7D53C6E9816}.Release|Any CPU.ActiveCfg = Release|Any CPU
		{E384AC10-59D9-4FFB-92E4-C7D53C6E9816}.Release|Any CPU.Build.0 = Release|Any CPU
		{5AD00972-8ADA-4B1F-B227-21E3ED233D52}.Debug|Any CPU.ActiveCfg = Debug|Any CPU
		{5AD00972-8ADA-4B1F-B227-21E3ED233D52}.Debug|Any CPU.Build.0 = Debug|Any CPU
		{5AD00972-8ADA-4B1F-B227-21E3ED233D52}.Release|Any CPU.ActiveCfg = Release|Any CPU
		{5AD00972-8ADA-4B1F-B227-21E3ED233D52}.Release|Any CPU.Build.0 = Release|Any CPU
		{78ABA50E-1F77-46E2-AC3C-113A2CF944CF}.Debug|Any CPU.ActiveCfg = Debug|Any CPU
		{78ABA50E-1F77-46E2-AC3C-113A2CF944CF}.Debug|Any CPU.Build.0 = Debug|Any CPU
		{78ABA50E-1F77-46E2-AC3C-113A2CF944CF}.Release|Any CPU.ActiveCfg = Release|Any CPU
		{78ABA50E-1F77-46E2-AC3C-113A2CF944CF}.Release|Any CPU.Build.0 = Release|Any CPU
		{7C0A7782-876A-4080-AEC5-B687FB9630B4}.Debug|Any CPU.ActiveCfg = Debug|Any CPU
		{7C0A7782-876A-4080-AEC5-B687FB9630B4}.Debug|Any CPU.Build.0 = Debug|Any CPU
		{7C0A7782-876A-4080-AEC5-B687FB9630B4}.Release|Any CPU.ActiveCfg = Release|Any CPU
		{7C0A7782-876A-4080-AEC5-B687FB9630B4}.Release|Any CPU.Build.0 = Release|Any CPU
		{24E68126-A6CF-4BDC-BA76-4F536ACBFD41}.Debug|Any CPU.ActiveCfg = Debug|Any CPU
		{24E68126-A6CF-4BDC-BA76-4F536ACBFD41}.Debug|Any CPU.Build.0 = Debug|Any CPU
		{24E68126-A6CF-4BDC-BA76-4F536ACBFD41}.Release|Any CPU.ActiveCfg = Release|Any CPU
		{24E68126-A6CF-4BDC-BA76-4F536ACBFD41}.Release|Any CPU.Build.0 = Release|Any CPU
		{BB87F03E-CC34-4F16-8AD2-E392C5E7CB20}.Debug|Any CPU.ActiveCfg = Debug|Any CPU
		{BB87F03E-CC34-4F16-8AD2-E392C5E7CB20}.Debug|Any CPU.Build.0 = Debug|Any CPU
		{BB87F03E-CC34-4F16-8AD2-E392C5E7CB20}.Release|Any CPU.ActiveCfg = Release|Any CPU
		{BB87F03E-CC34-4F16-8AD2-E392C5E7CB20}.Release|Any CPU.Build.0 = Release|Any CPU
		{11562B10-C647-489B-A227-B4CA4E439F70}.Debug|Any CPU.ActiveCfg = Debug|Any CPU
		{11562B10-C647-489B-A227-B4CA4E439F70}.Debug|Any CPU.Build.0 = Debug|Any CPU
		{11562B10-C647-489B-A227-B4CA4E439F70}.Release|Any CPU.ActiveCfg = Release|Any CPU
		{11562B10-C647-489B-A227-B4CA4E439F70}.Release|Any CPU.Build.0 = Release|Any CPU
		{6086996F-26B2-4CDF-95B5-7FD6669AD717}.Debug|Any CPU.ActiveCfg = Debug|Any CPU
		{6086996F-26B2-4CDF-95B5-7FD6669AD717}.Debug|Any CPU.Build.0 = Debug|Any CPU
		{6086996F-26B2-4CDF-95B5-7FD6669AD717}.Release|Any CPU.ActiveCfg = Release|Any CPU
		{6086996F-26B2-4CDF-95B5-7FD6669AD717}.Release|Any CPU.Build.0 = Release|Any CPU
		{6A57E92A-DF9E-4C99-B7E5-84B591745847}.Debug|Any CPU.ActiveCfg = Debug|Any CPU
		{6A57E92A-DF9E-4C99-B7E5-84B591745847}.Debug|Any CPU.Build.0 = Debug|Any CPU
		{6A57E92A-DF9E-4C99-B7E5-84B591745847}.Release|Any CPU.ActiveCfg = Release|Any CPU
		{6A57E92A-DF9E-4C99-B7E5-84B591745847}.Release|Any CPU.Build.0 = Release|Any CPU
		{592EED88-20A6-492E-B32B-D6E1773BA06A}.Debug|Any CPU.ActiveCfg = Debug|Any CPU
		{592EED88-20A6-492E-B32B-D6E1773BA06A}.Debug|Any CPU.Build.0 = Debug|Any CPU
		{592EED88-20A6-492E-B32B-D6E1773BA06A}.Release|Any CPU.ActiveCfg = Release|Any CPU
		{592EED88-20A6-492E-B32B-D6E1773BA06A}.Release|Any CPU.Build.0 = Release|Any CPU
		{D6E35F25-7F1C-4CBE-8633-CC9A99BBBADA}.Debug|Any CPU.ActiveCfg = Debug|Any CPU
		{D6E35F25-7F1C-4CBE-8633-CC9A99BBBADA}.Debug|Any CPU.Build.0 = Debug|Any CPU
		{D6E35F25-7F1C-4CBE-8633-CC9A99BBBADA}.Release|Any CPU.ActiveCfg = Release|Any CPU
		{D6E35F25-7F1C-4CBE-8633-CC9A99BBBADA}.Release|Any CPU.Build.0 = Release|Any CPU
		{AE2E7829-43E4-4FE8-B73F-F89A1570C66C}.Debug|Any CPU.ActiveCfg = Debug|Any CPU
		{AE2E7829-43E4-4FE8-B73F-F89A1570C66C}.Debug|Any CPU.Build.0 = Debug|Any CPU
		{AE2E7829-43E4-4FE8-B73F-F89A1570C66C}.Release|Any CPU.ActiveCfg = Release|Any CPU
		{AE2E7829-43E4-4FE8-B73F-F89A1570C66C}.Release|Any CPU.Build.0 = Release|Any CPU
		{01126DF2-899A-4697-B948-06193D450C39}.Debug|Any CPU.ActiveCfg = Debug|Any CPU
		{01126DF2-899A-4697-B948-06193D450C39}.Debug|Any CPU.Build.0 = Debug|Any CPU
		{01126DF2-899A-4697-B948-06193D450C39}.Release|Any CPU.ActiveCfg = Release|Any CPU
		{01126DF2-899A-4697-B948-06193D450C39}.Release|Any CPU.Build.0 = Release|Any CPU
		{CA19B7E3-5694-4285-99BF-19D19E92E24C}.Debug|Any CPU.ActiveCfg = Debug|Any CPU
		{CA19B7E3-5694-4285-99BF-19D19E92E24C}.Debug|Any CPU.Build.0 = Debug|Any CPU
		{CA19B7E3-5694-4285-99BF-19D19E92E24C}.Release|Any CPU.ActiveCfg = Release|Any CPU
		{CA19B7E3-5694-4285-99BF-19D19E92E24C}.Release|Any CPU.Build.0 = Release|Any CPU
		{A94A909F-7AF0-4C04-9433-85E157F1876E}.Debug|Any CPU.ActiveCfg = Debug|Any CPU
		{A94A909F-7AF0-4C04-9433-85E157F1876E}.Debug|Any CPU.Build.0 = Debug|Any CPU
		{A94A909F-7AF0-4C04-9433-85E157F1876E}.Release|Any CPU.ActiveCfg = Release|Any CPU
		{A94A909F-7AF0-4C04-9433-85E157F1876E}.Release|Any CPU.Build.0 = Release|Any CPU
		{0106C4AD-4FCF-4CF2-8162-429C344C63BF}.Debug|Any CPU.ActiveCfg = Debug|Any CPU
		{0106C4AD-4FCF-4CF2-8162-429C344C63BF}.Debug|Any CPU.Build.0 = Debug|Any CPU
		{0106C4AD-4FCF-4CF2-8162-429C344C63BF}.Release|Any CPU.ActiveCfg = Release|Any CPU
		{0106C4AD-4FCF-4CF2-8162-429C344C63BF}.Release|Any CPU.Build.0 = Release|Any CPU
		{1E6B23A6-6185-4879-A0E5-ECDAC62EEAEA}.Debug|Any CPU.ActiveCfg = Debug|Any CPU
		{1E6B23A6-6185-4879-A0E5-ECDAC62EEAEA}.Debug|Any CPU.Build.0 = Debug|Any CPU
		{1E6B23A6-6185-4879-A0E5-ECDAC62EEAEA}.Release|Any CPU.ActiveCfg = Release|Any CPU
		{1E6B23A6-6185-4879-A0E5-ECDAC62EEAEA}.Release|Any CPU.Build.0 = Release|Any CPU
		{3E8ED598-E22D-48D1-BA1C-6FF1C1769F33}.Debug|Any CPU.ActiveCfg = Debug|Any CPU
		{3E8ED598-E22D-48D1-BA1C-6FF1C1769F33}.Debug|Any CPU.Build.0 = Debug|Any CPU
		{3E8ED598-E22D-48D1-BA1C-6FF1C1769F33}.Release|Any CPU.ActiveCfg = Release|Any CPU
		{3E8ED598-E22D-48D1-BA1C-6FF1C1769F33}.Release|Any CPU.Build.0 = Release|Any CPU
		{B7E380CC-9F01-433C-9568-1F78DA3C995B}.Debug|Any CPU.ActiveCfg = Debug|Any CPU
		{B7E380CC-9F01-433C-9568-1F78DA3C995B}.Debug|Any CPU.Build.0 = Debug|Any CPU
		{B7E380CC-9F01-433C-9568-1F78DA3C995B}.Release|Any CPU.ActiveCfg = Release|Any CPU
		{B7E380CC-9F01-433C-9568-1F78DA3C995B}.Release|Any CPU.Build.0 = Release|Any CPU
		{E95A2CE2-6EF0-4BD2-87DF-D7F9E195895F}.Debug|Any CPU.ActiveCfg = Debug|Any CPU
		{E95A2CE2-6EF0-4BD2-87DF-D7F9E195895F}.Debug|Any CPU.Build.0 = Debug|Any CPU
		{E95A2CE2-6EF0-4BD2-87DF-D7F9E195895F}.Release|Any CPU.ActiveCfg = Release|Any CPU
		{E95A2CE2-6EF0-4BD2-87DF-D7F9E195895F}.Release|Any CPU.Build.0 = Release|Any CPU
		{6704D80D-223A-41ED-914D-CFD27D081BDC}.Debug|Any CPU.ActiveCfg = Debug|Any CPU
		{6704D80D-223A-41ED-914D-CFD27D081BDC}.Debug|Any CPU.Build.0 = Debug|Any CPU
		{6704D80D-223A-41ED-914D-CFD27D081BDC}.Release|Any CPU.ActiveCfg = Release|Any CPU
		{6704D80D-223A-41ED-914D-CFD27D081BDC}.Release|Any CPU.Build.0 = Release|Any CPU
		{B499C779-1D29-4BEF-9789-B46A05F3E74C}.Debug|Any CPU.ActiveCfg = Debug|Any CPU
		{B499C779-1D29-4BEF-9789-B46A05F3E74C}.Debug|Any CPU.Build.0 = Debug|Any CPU
		{B499C779-1D29-4BEF-9789-B46A05F3E74C}.Release|Any CPU.ActiveCfg = Release|Any CPU
		{B499C779-1D29-4BEF-9789-B46A05F3E74C}.Release|Any CPU.Build.0 = Release|Any CPU
		{AEFCA373-5C3A-4788-A51D-35757707A45B}.Debug|Any CPU.ActiveCfg = Debug|Any CPU
		{AEFCA373-5C3A-4788-A51D-35757707A45B}.Debug|Any CPU.Build.0 = Debug|Any CPU
		{AEFCA373-5C3A-4788-A51D-35757707A45B}.Release|Any CPU.ActiveCfg = Release|Any CPU
		{AEFCA373-5C3A-4788-A51D-35757707A45B}.Release|Any CPU.Build.0 = Release|Any CPU
		{1C86B055-8A1D-4958-87ED-DD74977FAEBD}.Debug|Any CPU.ActiveCfg = Debug|Any CPU
		{1C86B055-8A1D-4958-87ED-DD74977FAEBD}.Debug|Any CPU.Build.0 = Debug|Any CPU
		{1C86B055-8A1D-4958-87ED-DD74977FAEBD}.Release|Any CPU.ActiveCfg = Release|Any CPU
		{1C86B055-8A1D-4958-87ED-DD74977FAEBD}.Release|Any CPU.Build.0 = Release|Any CPU
		{764648D4-E37C-4627-8287-FC7D703D137E}.Debug|Any CPU.ActiveCfg = Debug|Any CPU
		{764648D4-E37C-4627-8287-FC7D703D137E}.Debug|Any CPU.Build.0 = Debug|Any CPU
		{764648D4-E37C-4627-8287-FC7D703D137E}.Release|Any CPU.ActiveCfg = Release|Any CPU
		{764648D4-E37C-4627-8287-FC7D703D137E}.Release|Any CPU.Build.0 = Release|Any CPU
		{7F2D8B76-7780-4A23-8A4D-3B40A04FB470}.Debug|Any CPU.ActiveCfg = Debug|Any CPU
		{7F2D8B76-7780-4A23-8A4D-3B40A04FB470}.Debug|Any CPU.Build.0 = Debug|Any CPU
		{7F2D8B76-7780-4A23-8A4D-3B40A04FB470}.Release|Any CPU.ActiveCfg = Release|Any CPU
		{7F2D8B76-7780-4A23-8A4D-3B40A04FB470}.Release|Any CPU.Build.0 = Release|Any CPU
		{31C08246-C5EE-4B70-A74E-7640F32F0A19}.Debug|Any CPU.ActiveCfg = Debug|Any CPU
		{31C08246-C5EE-4B70-A74E-7640F32F0A19}.Debug|Any CPU.Build.0 = Debug|Any CPU
		{31C08246-C5EE-4B70-A74E-7640F32F0A19}.Release|Any CPU.ActiveCfg = Release|Any CPU
		{31C08246-C5EE-4B70-A74E-7640F32F0A19}.Release|Any CPU.Build.0 = Release|Any CPU
		{15902073-00E0-413E-BF75-601AD3A85081}.Debug|Any CPU.ActiveCfg = Debug|Any CPU
		{15902073-00E0-413E-BF75-601AD3A85081}.Debug|Any CPU.Build.0 = Debug|Any CPU
		{15902073-00E0-413E-BF75-601AD3A85081}.Release|Any CPU.ActiveCfg = Release|Any CPU
		{15902073-00E0-413E-BF75-601AD3A85081}.Release|Any CPU.Build.0 = Release|Any CPU
		{37A03433-A833-4EE7-BC0D-14113E408500}.Debug|Any CPU.ActiveCfg = Debug|Any CPU
		{37A03433-A833-4EE7-BC0D-14113E408500}.Debug|Any CPU.Build.0 = Debug|Any CPU
		{37A03433-A833-4EE7-BC0D-14113E408500}.Release|Any CPU.ActiveCfg = Release|Any CPU
		{37A03433-A833-4EE7-BC0D-14113E408500}.Release|Any CPU.Build.0 = Release|Any CPU
		{82D81A88-0B51-4F7E-AE60-727E27B99AE3}.Debug|Any CPU.ActiveCfg = Debug|Any CPU
		{82D81A88-0B51-4F7E-AE60-727E27B99AE3}.Debug|Any CPU.Build.0 = Debug|Any CPU
		{82D81A88-0B51-4F7E-AE60-727E27B99AE3}.Release|Any CPU.ActiveCfg = Release|Any CPU
		{82D81A88-0B51-4F7E-AE60-727E27B99AE3}.Release|Any CPU.Build.0 = Release|Any CPU
		{D55ACE1F-BFC9-4FC8-825E-4B27D0090E7F}.Debug|Any CPU.ActiveCfg = Debug|Any CPU
		{D55ACE1F-BFC9-4FC8-825E-4B27D0090E7F}.Debug|Any CPU.Build.0 = Debug|Any CPU
		{D55ACE1F-BFC9-4FC8-825E-4B27D0090E7F}.Release|Any CPU.ActiveCfg = Release|Any CPU
		{D55ACE1F-BFC9-4FC8-825E-4B27D0090E7F}.Release|Any CPU.Build.0 = Release|Any CPU
		{FF8A9F99-EFC4-4CDE-A9D8-579A90400747}.Debug|Any CPU.ActiveCfg = Debug|Any CPU
		{FF8A9F99-EFC4-4CDE-A9D8-579A90400747}.Debug|Any CPU.Build.0 = Debug|Any CPU
		{FF8A9F99-EFC4-4CDE-A9D8-579A90400747}.Release|Any CPU.ActiveCfg = Release|Any CPU
		{FF8A9F99-EFC4-4CDE-A9D8-579A90400747}.Release|Any CPU.Build.0 = Release|Any CPU
		{892E537C-71CD-43DD-8C01-ACAA09F1C16E}.Debug|Any CPU.ActiveCfg = Debug|Any CPU
		{892E537C-71CD-43DD-8C01-ACAA09F1C16E}.Debug|Any CPU.Build.0 = Debug|Any CPU
		{892E537C-71CD-43DD-8C01-ACAA09F1C16E}.Release|Any CPU.ActiveCfg = Release|Any CPU
		{892E537C-71CD-43DD-8C01-ACAA09F1C16E}.Release|Any CPU.Build.0 = Release|Any CPU
		{9D125264-3226-4EDD-82CE-3D9ABAF17622}.Debug|Any CPU.ActiveCfg = Debug|Any CPU
		{9D125264-3226-4EDD-82CE-3D9ABAF17622}.Debug|Any CPU.Build.0 = Debug|Any CPU
		{9D125264-3226-4EDD-82CE-3D9ABAF17622}.Release|Any CPU.ActiveCfg = Release|Any CPU
		{9D125264-3226-4EDD-82CE-3D9ABAF17622}.Release|Any CPU.Build.0 = Release|Any CPU
		{D9DC1370-64B1-4F71-AA8D-5FD3BA98F56E}.Debug|Any CPU.ActiveCfg = Debug|Any CPU
		{D9DC1370-64B1-4F71-AA8D-5FD3BA98F56E}.Debug|Any CPU.Build.0 = Debug|Any CPU
		{D9DC1370-64B1-4F71-AA8D-5FD3BA98F56E}.Release|Any CPU.ActiveCfg = Release|Any CPU
		{D9DC1370-64B1-4F71-AA8D-5FD3BA98F56E}.Release|Any CPU.Build.0 = Release|Any CPU
		{53880A62-A2B7-4349-9A44-EB7EF258BBD4}.Debug|Any CPU.ActiveCfg = Debug|Any CPU
		{53880A62-A2B7-4349-9A44-EB7EF258BBD4}.Debug|Any CPU.Build.0 = Debug|Any CPU
		{53880A62-A2B7-4349-9A44-EB7EF258BBD4}.Release|Any CPU.ActiveCfg = Release|Any CPU
		{53880A62-A2B7-4349-9A44-EB7EF258BBD4}.Release|Any CPU.Build.0 = Release|Any CPU
		{541C775E-E23A-45BB-A055-8B9C3E9BD868}.Debug|Any CPU.ActiveCfg = Debug|Any CPU
		{541C775E-E23A-45BB-A055-8B9C3E9BD868}.Debug|Any CPU.Build.0 = Debug|Any CPU
		{541C775E-E23A-45BB-A055-8B9C3E9BD868}.Release|Any CPU.ActiveCfg = Release|Any CPU
		{541C775E-E23A-45BB-A055-8B9C3E9BD868}.Release|Any CPU.Build.0 = Release|Any CPU
		{191646BF-ACAD-467A-A8AA-158D905AC714}.Debug|Any CPU.ActiveCfg = Debug|Any CPU
		{191646BF-ACAD-467A-A8AA-158D905AC714}.Debug|Any CPU.Build.0 = Debug|Any CPU
		{191646BF-ACAD-467A-A8AA-158D905AC714}.Release|Any CPU.ActiveCfg = Release|Any CPU
		{191646BF-ACAD-467A-A8AA-158D905AC714}.Release|Any CPU.Build.0 = Release|Any CPU
		{F8C1CDB5-625D-4644-8D2B-8C8B520311F1}.Debug|Any CPU.ActiveCfg = Debug|Any CPU
		{F8C1CDB5-625D-4644-8D2B-8C8B520311F1}.Debug|Any CPU.Build.0 = Debug|Any CPU
		{F8C1CDB5-625D-4644-8D2B-8C8B520311F1}.Release|Any CPU.ActiveCfg = Release|Any CPU
		{F8C1CDB5-625D-4644-8D2B-8C8B520311F1}.Release|Any CPU.Build.0 = Release|Any CPU
		{6AA3BCB2-DBE7-4BDD-87F8-1810720C578E}.Debug|Any CPU.ActiveCfg = Debug|Any CPU
		{6AA3BCB2-DBE7-4BDD-87F8-1810720C578E}.Debug|Any CPU.Build.0 = Debug|Any CPU
		{6AA3BCB2-DBE7-4BDD-87F8-1810720C578E}.Release|Any CPU.ActiveCfg = Release|Any CPU
		{6AA3BCB2-DBE7-4BDD-87F8-1810720C578E}.Release|Any CPU.Build.0 = Release|Any CPU
		{5416E62E-ADFE-4146-9BE5-82EAD2978B16}.Debug|Any CPU.ActiveCfg = Debug|Any CPU
		{5416E62E-ADFE-4146-9BE5-82EAD2978B16}.Debug|Any CPU.Build.0 = Debug|Any CPU
		{5416E62E-ADFE-4146-9BE5-82EAD2978B16}.Release|Any CPU.ActiveCfg = Release|Any CPU
		{5416E62E-ADFE-4146-9BE5-82EAD2978B16}.Release|Any CPU.Build.0 = Release|Any CPU
		{6407297B-6873-4031-BE6F-D73EDB8608E8}.Debug|Any CPU.ActiveCfg = Debug|Any CPU
		{6407297B-6873-4031-BE6F-D73EDB8608E8}.Debug|Any CPU.Build.0 = Debug|Any CPU
		{6407297B-6873-4031-BE6F-D73EDB8608E8}.Release|Any CPU.ActiveCfg = Release|Any CPU
		{6407297B-6873-4031-BE6F-D73EDB8608E8}.Release|Any CPU.Build.0 = Release|Any CPU
		{914F4C2B-DE6D-47AD-98FF-0EF4CC3C4FCB}.Debug|Any CPU.ActiveCfg = Debug|Any CPU
		{914F4C2B-DE6D-47AD-98FF-0EF4CC3C4FCB}.Debug|Any CPU.Build.0 = Debug|Any CPU
		{914F4C2B-DE6D-47AD-98FF-0EF4CC3C4FCB}.Release|Any CPU.ActiveCfg = Release|Any CPU
		{914F4C2B-DE6D-47AD-98FF-0EF4CC3C4FCB}.Release|Any CPU.Build.0 = Release|Any CPU
		{1CE3C304-5015-405F-8919-18368ED33DC8}.Debug|Any CPU.ActiveCfg = Debug|Any CPU
		{1CE3C304-5015-405F-8919-18368ED33DC8}.Debug|Any CPU.Build.0 = Debug|Any CPU
		{1CE3C304-5015-405F-8919-18368ED33DC8}.Release|Any CPU.ActiveCfg = Release|Any CPU
		{1CE3C304-5015-405F-8919-18368ED33DC8}.Release|Any CPU.Build.0 = Release|Any CPU
		{75B7CC80-973B-4D76-A4D3-CD77416FBA75}.Debug|Any CPU.ActiveCfg = Debug|Any CPU
		{75B7CC80-973B-4D76-A4D3-CD77416FBA75}.Debug|Any CPU.Build.0 = Debug|Any CPU
		{75B7CC80-973B-4D76-A4D3-CD77416FBA75}.Release|Any CPU.ActiveCfg = Release|Any CPU
		{75B7CC80-973B-4D76-A4D3-CD77416FBA75}.Release|Any CPU.Build.0 = Release|Any CPU
		{1DFFD48A-2F1C-4008-B329-2DCFE939A434}.Debug|Any CPU.ActiveCfg = Debug|Any CPU
		{1DFFD48A-2F1C-4008-B329-2DCFE939A434}.Debug|Any CPU.Build.0 = Debug|Any CPU
		{1DFFD48A-2F1C-4008-B329-2DCFE939A434}.Release|Any CPU.ActiveCfg = Release|Any CPU
		{1DFFD48A-2F1C-4008-B329-2DCFE939A434}.Release|Any CPU.Build.0 = Release|Any CPU
		{19B931A8-C12C-405F-B0FF-B8EE1F33D186}.Debug|Any CPU.ActiveCfg = Debug|Any CPU
		{19B931A8-C12C-405F-B0FF-B8EE1F33D186}.Debug|Any CPU.Build.0 = Debug|Any CPU
		{19B931A8-C12C-405F-B0FF-B8EE1F33D186}.Release|Any CPU.ActiveCfg = Release|Any CPU
		{19B931A8-C12C-405F-B0FF-B8EE1F33D186}.Release|Any CPU.Build.0 = Release|Any CPU
		{3D5915E7-AE77-45EA-82ED-D12440E661C0}.Debug|Any CPU.ActiveCfg = Debug|Any CPU
		{3D5915E7-AE77-45EA-82ED-D12440E661C0}.Debug|Any CPU.Build.0 = Debug|Any CPU
		{3D5915E7-AE77-45EA-82ED-D12440E661C0}.Release|Any CPU.ActiveCfg = Release|Any CPU
		{3D5915E7-AE77-45EA-82ED-D12440E661C0}.Release|Any CPU.Build.0 = Release|Any CPU
		{CA82B9B8-5B7D-49C7-9C0E-514A0F82A558}.Debug|Any CPU.ActiveCfg = Debug|Any CPU
		{CA82B9B8-5B7D-49C7-9C0E-514A0F82A558}.Debug|Any CPU.Build.0 = Debug|Any CPU
		{CA82B9B8-5B7D-49C7-9C0E-514A0F82A558}.Release|Any CPU.ActiveCfg = Release|Any CPU
		{CA82B9B8-5B7D-49C7-9C0E-514A0F82A558}.Release|Any CPU.Build.0 = Release|Any CPU
		{DF55765E-C4D0-467F-A497-AE763B404104}.Debug|Any CPU.ActiveCfg = Debug|Any CPU
		{DF55765E-C4D0-467F-A497-AE763B404104}.Debug|Any CPU.Build.0 = Debug|Any CPU
		{DF55765E-C4D0-467F-A497-AE763B404104}.Release|Any CPU.ActiveCfg = Release|Any CPU
		{DF55765E-C4D0-467F-A497-AE763B404104}.Release|Any CPU.Build.0 = Release|Any CPU
		{C1A4A8C7-C373-4D9B-B522-6F4F99CDDC24}.Debug|Any CPU.ActiveCfg = Debug|Any CPU
		{C1A4A8C7-C373-4D9B-B522-6F4F99CDDC24}.Debug|Any CPU.Build.0 = Debug|Any CPU
		{C1A4A8C7-C373-4D9B-B522-6F4F99CDDC24}.Release|Any CPU.ActiveCfg = Release|Any CPU
		{C1A4A8C7-C373-4D9B-B522-6F4F99CDDC24}.Release|Any CPU.Build.0 = Release|Any CPU
	EndGlobalSection
	GlobalSection(SolutionProperties) = preSolution
		HideSolutionNode = FALSE
	EndGlobalSection
	GlobalSection(NestedProjects) = preSolution
		{1A241A08-5FB6-49B7-A794-5117171F24AF} = {5C1AF227-21BC-465A-A29E-28AF274163D9}
		{BA2C9B24-A3C8-406C-A458-A2D8E459F739} = {135A86AC-489E-4ED4-88D7-3F7C5EA8BD6F}
		{D5D190A4-EEB4-4BB2-A53A-BC7FD7050453} = {135A86AC-489E-4ED4-88D7-3F7C5EA8BD6F}
		{ECBAA58E-C028-46DE-9B01-7979E828B2D1} = {135A86AC-489E-4ED4-88D7-3F7C5EA8BD6F}
		{BAE0F6EC-C7B5-4127-9038-48DBED816308} = {135A86AC-489E-4ED4-88D7-3F7C5EA8BD6F}
		{483061EF-C4A4-44CF-8F40-B8AA98E8F10B} = {135A86AC-489E-4ED4-88D7-3F7C5EA8BD6F}
		{8FBE1CA3-71FF-4E07-BBBE-9FF5B8EA477C} = {135A86AC-489E-4ED4-88D7-3F7C5EA8BD6F}
		{00942B10-F695-4F4E-A5D2-987EF9CABADC} = {6243A9BF-CDC0-46A1-9FFF-1DD58E2BF38C}
		{047A8567-20D6-41C4-AB9F-A239E39969D2} = {6243A9BF-CDC0-46A1-9FFF-1DD58E2BF38C}
		{AFC4054A-EA33-4B5A-B668-639718F8FFAC} = {6243A9BF-CDC0-46A1-9FFF-1DD58E2BF38C}
		{D290A1BE-80B9-433A-BA27-6A54181E25D0} = {6243A9BF-CDC0-46A1-9FFF-1DD58E2BF38C}
		{BEE822DF-A864-40D4-B180-7FEB300EB67C} = {6243A9BF-CDC0-46A1-9FFF-1DD58E2BF38C}
		{12A6D768-2EAF-4620-948F-5E4C6437E696} = {6243A9BF-CDC0-46A1-9FFF-1DD58E2BF38C}
		{21640257-5080-423D-897B-BED3F45368A6} = {05F54E5B-1922-4CF5-AE1D-F81B19AEE520}
		{C7EDA2AB-67A5-414F-BD1E-6AA8D8E32C7D} = {05F54E5B-1922-4CF5-AE1D-F81B19AEE520}
		{0510CBB5-50B6-411A-AF79-FEB467F79E66} = {05F54E5B-1922-4CF5-AE1D-F81B19AEE520}
		{88F99E4A-8F07-4E6B-AB54-7EE23BAD05DC} = {05F54E5B-1922-4CF5-AE1D-F81B19AEE520}
		{D70854FA-1469-462F-95A2-5EA07D19D5BB} = {05F54E5B-1922-4CF5-AE1D-F81B19AEE520}
		{EB9EA886-101C-43E5-A406-0340DE836665} = {05F54E5B-1922-4CF5-AE1D-F81B19AEE520}
		{F907085D-7CCE-484F-BF37-22ED6F645778} = {05F54E5B-1922-4CF5-AE1D-F81B19AEE520}
		{D2021D9A-B4A1-4B23-84F2-4CEEF461EE1B} = {85319B6F-002C-450C-8F4F-ADCAE42F9A38}
		{EF2D3AC5-EB6A-42F4-84BA-3B8D0A2E3E3B} = {85319B6F-002C-450C-8F4F-ADCAE42F9A38}
		{7F0AF6E9-5D34-44C3-95A3-263AC5BBD8E5} = {85319B6F-002C-450C-8F4F-ADCAE42F9A38}
		{73524389-E042-481F-9FC4-D9C2615994AA} = {85319B6F-002C-450C-8F4F-ADCAE42F9A38}
		{E384AC10-59D9-4FFB-92E4-C7D53C6E9816} = {824F343D-3E61-42FE-A2CD-0BCC2FE14984}
		{5AD00972-8ADA-4B1F-B227-21E3ED233D52} = {824F343D-3E61-42FE-A2CD-0BCC2FE14984}
		{78ABA50E-1F77-46E2-AC3C-113A2CF944CF} = {824F343D-3E61-42FE-A2CD-0BCC2FE14984}
		{7C0A7782-876A-4080-AEC5-B687FB9630B4} = {824F343D-3E61-42FE-A2CD-0BCC2FE14984}
		{24E68126-A6CF-4BDC-BA76-4F536ACBFD41} = {FC2AF772-2D00-4389-A48F-6C34A95C207C}
		{BB87F03E-CC34-4F16-8AD2-E392C5E7CB20} = {FC2AF772-2D00-4389-A48F-6C34A95C207C}
		{11562B10-C647-489B-A227-B4CA4E439F70} = {A79B555D-A24D-4ED2-9070-CABA3BC0065B}
		{6086996F-26B2-4CDF-95B5-7FD6669AD717} = {A79B555D-A24D-4ED2-9070-CABA3BC0065B}
		{6A57E92A-DF9E-4C99-B7E5-84B591745847} = {A79B555D-A24D-4ED2-9070-CABA3BC0065B}
		{592EED88-20A6-492E-B32B-D6E1773BA06A} = {A79B555D-A24D-4ED2-9070-CABA3BC0065B}
		{D6E35F25-7F1C-4CBE-8633-CC9A99BBBADA} = {4EF5B42B-08FF-44E8-AFF6-A8458A9C4C90}
		{AE2E7829-43E4-4FE8-B73F-F89A1570C66C} = {4EF5B42B-08FF-44E8-AFF6-A8458A9C4C90}
		{01126DF2-899A-4697-B948-06193D450C39} = {4EF5B42B-08FF-44E8-AFF6-A8458A9C4C90}
		{CA19B7E3-5694-4285-99BF-19D19E92E24C} = {4EF5B42B-08FF-44E8-AFF6-A8458A9C4C90}
		{A94A909F-7AF0-4C04-9433-85E157F1876E} = {4EF5B42B-08FF-44E8-AFF6-A8458A9C4C90}
		{0106C4AD-4FCF-4CF2-8162-429C344C63BF} = {569509B2-B342-491B-92BA-8773CD861020}
		{1E6B23A6-6185-4879-A0E5-ECDAC62EEAEA} = {569509B2-B342-491B-92BA-8773CD861020}
		{3E8ED598-E22D-48D1-BA1C-6FF1C1769F33} = {569509B2-B342-491B-92BA-8773CD861020}
		{B7E380CC-9F01-433C-9568-1F78DA3C995B} = {569509B2-B342-491B-92BA-8773CD861020}
		{E95A2CE2-6EF0-4BD2-87DF-D7F9E195895F} = {569509B2-B342-491B-92BA-8773CD861020}
		{6704D80D-223A-41ED-914D-CFD27D081BDC} = {569509B2-B342-491B-92BA-8773CD861020}
		{B499C779-1D29-4BEF-9789-B46A05F3E74C} = {569509B2-B342-491B-92BA-8773CD861020}
		{AEFCA373-5C3A-4788-A51D-35757707A45B} = {569509B2-B342-491B-92BA-8773CD861020}
		{1C86B055-8A1D-4958-87ED-DD74977FAEBD} = {569509B2-B342-491B-92BA-8773CD861020}
		{764648D4-E37C-4627-8287-FC7D703D137E} = {569509B2-B342-491B-92BA-8773CD861020}
		{7F2D8B76-7780-4A23-8A4D-3B40A04FB470} = {569509B2-B342-491B-92BA-8773CD861020}
		{31C08246-C5EE-4B70-A74E-7640F32F0A19} = {569509B2-B342-491B-92BA-8773CD861020}
		{15902073-00E0-413E-BF75-601AD3A85081} = {AD393CE9-0F98-4693-88BF-0EF914F3DC95}
		{37A03433-A833-4EE7-BC0D-14113E408500} = {AD393CE9-0F98-4693-88BF-0EF914F3DC95}
		{82D81A88-0B51-4F7E-AE60-727E27B99AE3} = {AD393CE9-0F98-4693-88BF-0EF914F3DC95}
		{D55ACE1F-BFC9-4FC8-825E-4B27D0090E7F} = {AD393CE9-0F98-4693-88BF-0EF914F3DC95}
		{FF8A9F99-EFC4-4CDE-A9D8-579A90400747} = {AD393CE9-0F98-4693-88BF-0EF914F3DC95}
		{892E537C-71CD-43DD-8C01-ACAA09F1C16E} = {AD393CE9-0F98-4693-88BF-0EF914F3DC95}
		{9D125264-3226-4EDD-82CE-3D9ABAF17622} = {AD393CE9-0F98-4693-88BF-0EF914F3DC95}
		{D9DC1370-64B1-4F71-AA8D-5FD3BA98F56E} = {F08AC2FF-A446-40B0-A9C6-4DF5FB9833A0}
		{53880A62-A2B7-4349-9A44-EB7EF258BBD4} = {F08AC2FF-A446-40B0-A9C6-4DF5FB9833A0}
		{541C775E-E23A-45BB-A055-8B9C3E9BD868} = {F08AC2FF-A446-40B0-A9C6-4DF5FB9833A0}
		{191646BF-ACAD-467A-A8AA-158D905AC714} = {F6FE8F4C-AF2B-449D-A729-DE9F6C45E7AA}
		{F8C1CDB5-625D-4644-8D2B-8C8B520311F1} = {F6FE8F4C-AF2B-449D-A729-DE9F6C45E7AA}
		{6AA3BCB2-DBE7-4BDD-87F8-1810720C578E} = {F6FE8F4C-AF2B-449D-A729-DE9F6C45E7AA}
		{5416E62E-ADFE-4146-9BE5-82EAD2978B16} = {F6FE8F4C-AF2B-449D-A729-DE9F6C45E7AA}
		{6407297B-6873-4031-BE6F-D73EDB8608E8} = {F6FE8F4C-AF2B-449D-A729-DE9F6C45E7AA}
		{914F4C2B-DE6D-47AD-98FF-0EF4CC3C4FCB} = {F6FE8F4C-AF2B-449D-A729-DE9F6C45E7AA}
		{1CE3C304-5015-405F-8919-18368ED33DC8} = {E22D5177-3B4E-4879-ACCB-1DD5C6184AEE}
		{75B7CC80-973B-4D76-A4D3-CD77416FBA75} = {E22D5177-3B4E-4879-ACCB-1DD5C6184AEE}
		{1DFFD48A-2F1C-4008-B329-2DCFE939A434} = {E22D5177-3B4E-4879-ACCB-1DD5C6184AEE}
		{19B931A8-C12C-405F-B0FF-B8EE1F33D186} = {5BA9835A-D930-42AD-B935-DB3F3C00C3D4}
		{3D5915E7-AE77-45EA-82ED-D12440E661C0} = {5BA9835A-D930-42AD-B935-DB3F3C00C3D4}
		{CA82B9B8-5B7D-49C7-9C0E-514A0F82A558} = {5BA9835A-D930-42AD-B935-DB3F3C00C3D4}
		{DF55765E-C4D0-467F-A497-AE763B404104} = {5BA9835A-D930-42AD-B935-DB3F3C00C3D4}
		{C1A4A8C7-C373-4D9B-B522-6F4F99CDDC24} = {5BA9835A-D930-42AD-B935-DB3F3C00C3D4}
	EndGlobalSection
	GlobalSection(ExtensibilityGlobals) = postSolution
		SolutionGuid = {C6FBB1C4-044B-41B5-97B6-6C0E72467501}
	EndGlobalSection
EndGlobal
